// !$*UTF8*$!
{
	archiveVersion = 1;
	classes = {
	};
	objectVersion = 46;
	objects = {

/* Begin PBXBuildFile section */
		AC2026A91795F315008036D4 /* LoginViewController.m in Sources */ = {isa = PBXBuildFile; fileRef = AC2026A71795F315008036D4 /* LoginViewController.m */; };
		AC2026AA1795F315008036D4 /* LoginViewController.xib in Resources */ = {isa = PBXBuildFile; fileRef = AC2026A81795F315008036D4 /* LoginViewController.xib */; };
		AC6FA33517A3206F002FD448 /* OnCallDatePickerViewController.m in Sources */ = {isa = PBXBuildFile; fileRef = AC6FA33317A3206F002FD448 /* OnCallDatePickerViewController.m */; };
		AC6FA33617A3206F002FD448 /* OnCallDatePickerViewController.xib in Resources */ = {isa = PBXBuildFile; fileRef = AC6FA33417A3206F002FD448 /* OnCallDatePickerViewController.xib */; };
		AC95FC2A1796F81F00D408F1 /* TeamMemberViewController.m in Sources */ = {isa = PBXBuildFile; fileRef = AC95FC281796F81F00D408F1 /* TeamMemberViewController.m */; };
		AC95FC2B1796F81F00D408F1 /* TeamMemberViewController.xib in Resources */ = {isa = PBXBuildFile; fileRef = AC95FC291796F81F00D408F1 /* TeamMemberViewController.xib */; };
		AC97828517A1C69900CA6E18 /* APMGroupViewController.m in Sources */ = {isa = PBXBuildFile; fileRef = AC97828317A1C69900CA6E18 /* APMGroupViewController.m */; };
		AC97828617A1C69900CA6E18 /* APMGroupViewController.xib in Resources */ = {isa = PBXBuildFile; fileRef = AC97828417A1C69900CA6E18 /* APMGroupViewController.xib */; };
		ACB4BF031798869A00132045 /* MainViewController.m in Sources */ = {isa = PBXBuildFile; fileRef = ACB4BF021798869A00132045 /* MainViewController.m */; };
		ACB4BF17179897B300132045 /* OnCallGroupViewController.m in Sources */ = {isa = PBXBuildFile; fileRef = ACB4BF16179897B300132045 /* OnCallGroupViewController.m */; };
		ACB4BF1E1798981B00132045 /* OnCallDetailViewController.m in Sources */ = {isa = PBXBuildFile; fileRef = ACB4BF1C1798981B00132045 /* OnCallDetailViewController.m */; };
		ACB4BF1F1798981B00132045 /* OnCallDetailViewController.xib in Resources */ = {isa = PBXBuildFile; fileRef = ACB4BF1D1798981B00132045 /* OnCallDetailViewController.xib */; };
		ACB4BF221798984A00132045 /* OnCallListViewController.m in Sources */ = {isa = PBXBuildFile; fileRef = ACB4BF211798984A00132045 /* OnCallListViewController.m */; };
		ACB7C9D61799BCCB005DF8A3 /* Hypno.png in Resources */ = {isa = PBXBuildFile; fileRef = ACB7C9D21799BCCB005DF8A3 /* Hypno.png */; };
		ACB7C9D71799BCCB005DF8A3 /* Hypno@2x.png in Resources */ = {isa = PBXBuildFile; fileRef = ACB7C9D31799BCCB005DF8A3 /* Hypno@2x.png */; };
		ACB7C9D81799BCCB005DF8A3 /* Time.png in Resources */ = {isa = PBXBuildFile; fileRef = ACB7C9D41799BCCB005DF8A3 /* Time.png */; };
		ACB7C9D91799BCCB005DF8A3 /* Time@2x.png in Resources */ = {isa = PBXBuildFile; fileRef = ACB7C9D51799BCCB005DF8A3 /* Time@2x.png */; };
		ACBCFC7D17A2D2A4000BC639 /* APMListViewController.m in Sources */ = {isa = PBXBuildFile; fileRef = ACBCFC7C17A2D2A4000BC639 /* APMListViewController.m */; };
		ACBCFC8017A2D7CB000BC639 /* APMApplication.m in Sources */ = {isa = PBXBuildFile; fileRef = ACBCFC7F17A2D7CB000BC639 /* APMApplication.m */; };
		ACBCFC8417A2D82C000BC639 /* APMApplicationViewController.m in Sources */ = {isa = PBXBuildFile; fileRef = ACBCFC8217A2D82C000BC639 /* APMApplicationViewController.m */; };
		ACBCFC8517A2D82C000BC639 /* APMApplicationViewController.xib in Resources */ = {isa = PBXBuildFile; fileRef = ACBCFC8317A2D82C000BC639 /* APMApplicationViewController.xib */; };
		ACBCFC9017A2EFE0000BC639 /* ASM_TSMViewController.m in Sources */ = {isa = PBXBuildFile; fileRef = ACBCFC8E17A2EFE0000BC639 /* ASM_TSMViewController.m */; };
		ACBCFC9117A2EFE0000BC639 /* ASM_TSMViewController.xib in Resources */ = {isa = PBXBuildFile; fileRef = ACBCFC8F17A2EFE0000BC639 /* ASM_TSMViewController.xib */; };
		ACBCFC9417A2F009000BC639 /* ASM_TSMListViewController.m in Sources */ = {isa = PBXBuildFile; fileRef = ACBCFC9317A2F009000BC639 /* ASM_TSMListViewController.m */; };
		ACBCFC9717A2F385000BC639 /* ASM_TSM.m in Sources */ = {isa = PBXBuildFile; fileRef = ACBCFC9617A2F385000BC639 /* ASM_TSM.m */; };
		ACE4432C179079EA00B78691 /* UIKit.framework in Frameworks */ = {isa = PBXBuildFile; fileRef = ACE4432B179079EA00B78691 /* UIKit.framework */; };
		ACE4432E179079EA00B78691 /* Foundation.framework in Frameworks */ = {isa = PBXBuildFile; fileRef = ACE4432D179079EA00B78691 /* Foundation.framework */; };
		ACE44330179079EA00B78691 /* CoreGraphics.framework in Frameworks */ = {isa = PBXBuildFile; fileRef = ACE4432F179079EA00B78691 /* CoreGraphics.framework */; };
		ACE44336179079EA00B78691 /* InfoPlist.strings in Resources */ = {isa = PBXBuildFile; fileRef = ACE44334179079EA00B78691 /* InfoPlist.strings */; };
		ACE44338179079EA00B78691 /* main.m in Sources */ = {isa = PBXBuildFile; fileRef = ACE44337179079EA00B78691 /* main.m */; };
		ACE4433C179079EA00B78691 /* mhAppDelegate.m in Sources */ = {isa = PBXBuildFile; fileRef = ACE4433B179079EA00B78691 /* mhAppDelegate.m */; };
		ACE4433E179079EA00B78691 /* Default.png in Resources */ = {isa = PBXBuildFile; fileRef = ACE4433D179079EA00B78691 /* Default.png */; };
		ACE44340179079EA00B78691 /* Default@2x.png in Resources */ = {isa = PBXBuildFile; fileRef = ACE4433F179079EA00B78691 /* Default@2x.png */; };
		ACE44342179079EA00B78691 /* Default-568h@2x.png in Resources */ = {isa = PBXBuildFile; fileRef = ACE44341179079EA00B78691 /* Default-568h@2x.png */; };
		ACE4434D17907B6500B78691 /* TeamListViewController.m in Sources */ = {isa = PBXBuildFile; fileRef = ACE4434C17907B6500B78691 /* TeamListViewController.m */; };
		ACE443501790834900B78691 /* TeamMember.m in Sources */ = {isa = PBXBuildFile; fileRef = ACE4434F1790834900B78691 /* TeamMember.m */; };
		ACF2D22217A086E4001D10F4 /* members.json in Resources */ = {isa = PBXBuildFile; fileRef = ACF2D22117A086E4001D10F4 /* members.json */; };
/* End PBXBuildFile section */

/* Begin PBXFileReference section */
		AC2026A61795F315008036D4 /* LoginViewController.h */ = {isa = PBXFileReference; fileEncoding = 4; lastKnownFileType = sourcecode.c.h; path = LoginViewController.h; sourceTree = "<group>"; };
		AC2026A71795F315008036D4 /* LoginViewController.m */ = {isa = PBXFileReference; fileEncoding = 4; lastKnownFileType = sourcecode.c.objc; path = LoginViewController.m; sourceTree = "<group>"; };
		AC2026A81795F315008036D4 /* LoginViewController.xib */ = {isa = PBXFileReference; fileEncoding = 4; lastKnownFileType = file.xib; path = LoginViewController.xib; sourceTree = "<group>"; };
		AC6FA33217A3206F002FD448 /* OnCallDatePickerViewController.h */ = {isa = PBXFileReference; fileEncoding = 4; lastKnownFileType = sourcecode.c.h; path = OnCallDatePickerViewController.h; sourceTree = "<group>"; };
		AC6FA33317A3206F002FD448 /* OnCallDatePickerViewController.m */ = {isa = PBXFileReference; fileEncoding = 4; lastKnownFileType = sourcecode.c.objc; path = OnCallDatePickerViewController.m; sourceTree = "<group>"; };
		AC6FA33417A3206F002FD448 /* OnCallDatePickerViewController.xib */ = {isa = PBXFileReference; fileEncoding = 4; lastKnownFileType = file.xib; path = OnCallDatePickerViewController.xib; sourceTree = "<group>"; };
		AC95FC271796F81F00D408F1 /* TeamMemberViewController.h */ = {isa = PBXFileReference; fileEncoding = 4; lastKnownFileType = sourcecode.c.h; path = TeamMemberViewController.h; sourceTree = "<group>"; };
		AC95FC281796F81F00D408F1 /* TeamMemberViewController.m */ = {isa = PBXFileReference; fileEncoding = 4; lastKnownFileType = sourcecode.c.objc; path = TeamMemberViewController.m; sourceTree = "<group>"; };
		AC95FC291796F81F00D408F1 /* TeamMemberViewController.xib */ = {isa = PBXFileReference; fileEncoding = 4; lastKnownFileType = file.xib; path = TeamMemberViewController.xib; sourceTree = "<group>"; };
		AC97828217A1C69900CA6E18 /* APMGroupViewController.h */ = {isa = PBXFileReference; fileEncoding = 4; lastKnownFileType = sourcecode.c.h; path = APMGroupViewController.h; sourceTree = "<group>"; };
		AC97828317A1C69900CA6E18 /* APMGroupViewController.m */ = {isa = PBXFileReference; fileEncoding = 4; lastKnownFileType = sourcecode.c.objc; path = APMGroupViewController.m; sourceTree = "<group>"; };
		AC97828417A1C69900CA6E18 /* APMGroupViewController.xib */ = {isa = PBXFileReference; fileEncoding = 4; lastKnownFileType = file.xib; path = APMGroupViewController.xib; sourceTree = "<group>"; };
		ACB4BF011798869A00132045 /* MainViewController.h */ = {isa = PBXFileReference; fileEncoding = 4; lastKnownFileType = sourcecode.c.h; path = MainViewController.h; sourceTree = "<group>"; };
		ACB4BF021798869A00132045 /* MainViewController.m */ = {isa = PBXFileReference; fileEncoding = 4; lastKnownFileType = sourcecode.c.objc; path = MainViewController.m; sourceTree = "<group>"; };
		ACB4BF15179897B300132045 /* OnCallGroupViewController.h */ = {isa = PBXFileReference; fileEncoding = 4; lastKnownFileType = sourcecode.c.h; path = OnCallGroupViewController.h; sourceTree = "<group>"; };
		ACB4BF16179897B300132045 /* OnCallGroupViewController.m */ = {isa = PBXFileReference; fileEncoding = 4; lastKnownFileType = sourcecode.c.objc; path = OnCallGroupViewController.m; sourceTree = "<group>"; };
		ACB4BF1B1798981B00132045 /* OnCallDetailViewController.h */ = {isa = PBXFileReference; fileEncoding = 4; lastKnownFileType = sourcecode.c.h; path = OnCallDetailViewController.h; sourceTree = "<group>"; };
		ACB4BF1C1798981B00132045 /* OnCallDetailViewController.m */ = {isa = PBXFileReference; fileEncoding = 4; lastKnownFileType = sourcecode.c.objc; path = OnCallDetailViewController.m; sourceTree = "<group>"; };
		ACB4BF1D1798981B00132045 /* OnCallDetailViewController.xib */ = {isa = PBXFileReference; fileEncoding = 4; lastKnownFileType = file.xib; path = OnCallDetailViewController.xib; sourceTree = "<group>"; };
		ACB4BF201798984A00132045 /* OnCallListViewController.h */ = {isa = PBXFileReference; fileEncoding = 4; lastKnownFileType = sourcecode.c.h; path = OnCallListViewController.h; sourceTree = "<group>"; };
		ACB4BF211798984A00132045 /* OnCallListViewController.m */ = {isa = PBXFileReference; fileEncoding = 4; lastKnownFileType = sourcecode.c.objc; path = OnCallListViewController.m; sourceTree = "<group>"; };
		ACB7C9D21799BCCB005DF8A3 /* Hypno.png */ = {isa = PBXFileReference; lastKnownFileType = image.png; path = Hypno.png; sourceTree = "<group>"; };
		ACB7C9D31799BCCB005DF8A3 /* Hypno@2x.png */ = {isa = PBXFileReference; lastKnownFileType = image.png; path = "Hypno@2x.png"; sourceTree = "<group>"; };
		ACB7C9D41799BCCB005DF8A3 /* Time.png */ = {isa = PBXFileReference; lastKnownFileType = image.png; path = Time.png; sourceTree = "<group>"; };
		ACB7C9D51799BCCB005DF8A3 /* Time@2x.png */ = {isa = PBXFileReference; lastKnownFileType = image.png; path = "Time@2x.png"; sourceTree = "<group>"; };
		ACBCFC7B17A2D2A4000BC639 /* APMListViewController.h */ = {isa = PBXFileReference; fileEncoding = 4; lastKnownFileType = sourcecode.c.h; path = APMListViewController.h; sourceTree = "<group>"; };
		ACBCFC7C17A2D2A4000BC639 /* APMListViewController.m */ = {isa = PBXFileReference; fileEncoding = 4; lastKnownFileType = sourcecode.c.objc; path = APMListViewController.m; sourceTree = "<group>"; };
		ACBCFC7E17A2D7CB000BC639 /* APMApplication.h */ = {isa = PBXFileReference; fileEncoding = 4; lastKnownFileType = sourcecode.c.h; path = APMApplication.h; sourceTree = "<group>"; };
		ACBCFC7F17A2D7CB000BC639 /* APMApplication.m */ = {isa = PBXFileReference; fileEncoding = 4; lastKnownFileType = sourcecode.c.objc; path = APMApplication.m; sourceTree = "<group>"; };
		ACBCFC8117A2D82C000BC639 /* APMApplicationViewController.h */ = {isa = PBXFileReference; fileEncoding = 4; lastKnownFileType = sourcecode.c.h; path = APMApplicationViewController.h; sourceTree = "<group>"; };
		ACBCFC8217A2D82C000BC639 /* APMApplicationViewController.m */ = {isa = PBXFileReference; fileEncoding = 4; lastKnownFileType = sourcecode.c.objc; path = APMApplicationViewController.m; sourceTree = "<group>"; };
		ACBCFC8317A2D82C000BC639 /* APMApplicationViewController.xib */ = {isa = PBXFileReference; fileEncoding = 4; lastKnownFileType = file.xib; path = APMApplicationViewController.xib; sourceTree = "<group>"; };
		ACBCFC8D17A2EFE0000BC639 /* ASM_TSMViewController.h */ = {isa = PBXFileReference; fileEncoding = 4; lastKnownFileType = sourcecode.c.h; path = ASM_TSMViewController.h; sourceTree = "<group>"; };
		ACBCFC8E17A2EFE0000BC639 /* ASM_TSMViewController.m */ = {isa = PBXFileReference; fileEncoding = 4; lastKnownFileType = sourcecode.c.objc; path = ASM_TSMViewController.m; sourceTree = "<group>"; };
		ACBCFC8F17A2EFE0000BC639 /* ASM_TSMViewController.xib */ = {isa = PBXFileReference; fileEncoding = 4; lastKnownFileType = file.xib; path = ASM_TSMViewController.xib; sourceTree = "<group>"; };
		ACBCFC9217A2F009000BC639 /* ASM_TSMListViewController.h */ = {isa = PBXFileReference; fileEncoding = 4; lastKnownFileType = sourcecode.c.h; path = ASM_TSMListViewController.h; sourceTree = "<group>"; };
		ACBCFC9317A2F009000BC639 /* ASM_TSMListViewController.m */ = {isa = PBXFileReference; fileEncoding = 4; lastKnownFileType = sourcecode.c.objc; path = ASM_TSMListViewController.m; sourceTree = "<group>"; };
		ACBCFC9517A2F385000BC639 /* ASM_TSM.h */ = {isa = PBXFileReference; fileEncoding = 4; lastKnownFileType = sourcecode.c.h; path = ASM_TSM.h; sourceTree = "<group>"; };
		ACBCFC9617A2F385000BC639 /* ASM_TSM.m */ = {isa = PBXFileReference; fileEncoding = 4; lastKnownFileType = sourcecode.c.objc; path = ASM_TSM.m; sourceTree = "<group>"; };
		ACE44328179079EA00B78691 /* MHDR.app */ = {isa = PBXFileReference; explicitFileType = wrapper.application; includeInIndex = 0; path = MHDR.app; sourceTree = BUILT_PRODUCTS_DIR; };
		ACE4432B179079EA00B78691 /* UIKit.framework */ = {isa = PBXFileReference; lastKnownFileType = wrapper.framework; name = UIKit.framework; path = System/Library/Frameworks/UIKit.framework; sourceTree = SDKROOT; };
		ACE4432D179079EA00B78691 /* Foundation.framework */ = {isa = PBXFileReference; lastKnownFileType = wrapper.framework; name = Foundation.framework; path = System/Library/Frameworks/Foundation.framework; sourceTree = SDKROOT; };
		ACE4432F179079EA00B78691 /* CoreGraphics.framework */ = {isa = PBXFileReference; lastKnownFileType = wrapper.framework; name = CoreGraphics.framework; path = System/Library/Frameworks/CoreGraphics.framework; sourceTree = SDKROOT; };
		ACE44333179079EA00B78691 /* MHDR-Info.plist */ = {isa = PBXFileReference; lastKnownFileType = text.plist.xml; path = "MHDR-Info.plist"; sourceTree = "<group>"; };
		ACE44335179079EA00B78691 /* en */ = {isa = PBXFileReference; lastKnownFileType = text.plist.strings; name = en; path = en.lproj/InfoPlist.strings; sourceTree = "<group>"; };
		ACE44337179079EA00B78691 /* main.m */ = {isa = PBXFileReference; lastKnownFileType = sourcecode.c.objc; path = main.m; sourceTree = "<group>"; };
		ACE44339179079EA00B78691 /* MHDR-Prefix.pch */ = {isa = PBXFileReference; lastKnownFileType = sourcecode.c.h; path = "MHDR-Prefix.pch"; sourceTree = "<group>"; };
		ACE4433A179079EA00B78691 /* mhAppDelegate.h */ = {isa = PBXFileReference; lastKnownFileType = sourcecode.c.h; path = mhAppDelegate.h; sourceTree = "<group>"; };
		ACE4433B179079EA00B78691 /* mhAppDelegate.m */ = {isa = PBXFileReference; lastKnownFileType = sourcecode.c.objc; path = mhAppDelegate.m; sourceTree = "<group>"; };
		ACE4433D179079EA00B78691 /* Default.png */ = {isa = PBXFileReference; lastKnownFileType = image.png; path = Default.png; sourceTree = "<group>"; };
		ACE4433F179079EA00B78691 /* Default@2x.png */ = {isa = PBXFileReference; lastKnownFileType = image.png; path = "Default@2x.png"; sourceTree = "<group>"; };
		ACE44341179079EA00B78691 /* Default-568h@2x.png */ = {isa = PBXFileReference; lastKnownFileType = image.png; path = "Default-568h@2x.png"; sourceTree = "<group>"; };
		ACE4434B17907B6500B78691 /* TeamListViewController.h */ = {isa = PBXFileReference; fileEncoding = 4; lastKnownFileType = sourcecode.c.h; path = TeamListViewController.h; sourceTree = "<group>"; };
		ACE4434C17907B6500B78691 /* TeamListViewController.m */ = {isa = PBXFileReference; fileEncoding = 4; lastKnownFileType = sourcecode.c.objc; path = TeamListViewController.m; sourceTree = "<group>"; };
		ACE4434E1790834900B78691 /* TeamMember.h */ = {isa = PBXFileReference; fileEncoding = 4; lastKnownFileType = sourcecode.c.h; path = TeamMember.h; sourceTree = "<group>"; };
		ACE4434F1790834900B78691 /* TeamMember.m */ = {isa = PBXFileReference; fileEncoding = 4; lastKnownFileType = sourcecode.c.objc; path = TeamMember.m; sourceTree = "<group>"; };
		ACE443511790847300B78691 /* TeamJSONObjectDelegate.h */ = {isa = PBXFileReference; lastKnownFileType = sourcecode.c.h; path = TeamJSONObjectDelegate.h; sourceTree = "<group>"; };
		ACF2D22117A086E4001D10F4 /* members.json */ = {isa = PBXFileReference; fileEncoding = 4; lastKnownFileType = text.json; path = members.json; sourceTree = "<group>"; };
/* End PBXFileReference section */

/* Begin PBXFrameworksBuildPhase section */
		ACE44325179079EA00B78691 /* Frameworks */ = {
			isa = PBXFrameworksBuildPhase;
			buildActionMask = 2147483647;
			files = (
				ACE4432C179079EA00B78691 /* UIKit.framework in Frameworks */,
				ACE4432E179079EA00B78691 /* Foundation.framework in Frameworks */,
				ACE44330179079EA00B78691 /* CoreGraphics.framework in Frameworks */,
			);
			runOnlyForDeploymentPostprocessing = 0;
		};
/* End PBXFrameworksBuildPhase section */

/* Begin PBXGroup section */
		AC97828117A1C5FF00CA6E18 /* APM */ = {
			isa = PBXGroup;
			children = (
				AC97828217A1C69900CA6E18 /* APMGroupViewController.h */,
				AC97828317A1C69900CA6E18 /* APMGroupViewController.m */,
				AC97828417A1C69900CA6E18 /* APMGroupViewController.xib */,
				ACBCFC7B17A2D2A4000BC639 /* APMListViewController.h */,
				ACBCFC7C17A2D2A4000BC639 /* APMListViewController.m */,
				ACBCFC7E17A2D7CB000BC639 /* APMApplication.h */,
				ACBCFC7F17A2D7CB000BC639 /* APMApplication.m */,
				ACBCFC8117A2D82C000BC639 /* APMApplicationViewController.h */,
				ACBCFC8217A2D82C000BC639 /* APMApplicationViewController.m */,
				ACBCFC8317A2D82C000BC639 /* APMApplicationViewController.xib */,
			);
			name = APM;
			sourceTree = "<group>";
		};
		ACB4BF07179895CC00132045 /* OnCall */ = {
			isa = PBXGroup;
			children = (
				ACB7C9D11799BCB4005DF8A3 /* Supporting Files */,
				ACB4BF15179897B300132045 /* OnCallGroupViewController.h */,
				ACB4BF16179897B300132045 /* OnCallGroupViewController.m */,
				ACB4BF1B1798981B00132045 /* OnCallDetailViewController.h */,
				ACB4BF1C1798981B00132045 /* OnCallDetailViewController.m */,
				ACB4BF1D1798981B00132045 /* OnCallDetailViewController.xib */,
				ACB4BF201798984A00132045 /* OnCallListViewController.h */,
				ACB4BF211798984A00132045 /* OnCallListViewController.m */,
				AC6FA33217A3206F002FD448 /* OnCallDatePickerViewController.h */,
				AC6FA33317A3206F002FD448 /* OnCallDatePickerViewController.m */,
				AC6FA33417A3206F002FD448 /* OnCallDatePickerViewController.xib */,
			);
			name = OnCall;
			path = ..;
			sourceTree = "<group>";
		};
		ACB4BF13179896EE00132045 /* Login */ = {
			isa = PBXGroup;
			children = (
				AC2026A61795F315008036D4 /* LoginViewController.h */,
				AC2026A71795F315008036D4 /* LoginViewController.m */,
				AC2026A81795F315008036D4 /* LoginViewController.xib */,
			);
			name = Login;
			sourceTree = "<group>";
		};
		ACB4BF141798971400132045 /* ISD Team Members */ = {
			isa = PBXGroup;
			children = (
				ACE443511790847300B78691 /* TeamJSONObjectDelegate.h */,
				ACE4434B17907B6500B78691 /* TeamListViewController.h */,
				ACE4434C17907B6500B78691 /* TeamListViewController.m */,
				ACE4434E1790834900B78691 /* TeamMember.h */,
				ACE4434F1790834900B78691 /* TeamMember.m */,
				AC95FC271796F81F00D408F1 /* TeamMemberViewController.h */,
				AC95FC281796F81F00D408F1 /* TeamMemberViewController.m */,
				AC95FC291796F81F00D408F1 /* TeamMemberViewController.xib */,
			);
			name = "ISD Team Members";
			sourceTree = "<group>";
		};
		ACB7C9D11799BCB4005DF8A3 /* Supporting Files */ = {
			isa = PBXGroup;
			children = (
				ACB7C9D21799BCCB005DF8A3 /* Hypno.png */,
				ACB7C9D31799BCCB005DF8A3 /* Hypno@2x.png */,
				ACB7C9D41799BCCB005DF8A3 /* Time.png */,
				ACB7C9D51799BCCB005DF8A3 /* Time@2x.png */,
			);
			name = "Supporting Files";
			sourceTree = "<group>";
		};
		ACBCFC8617A2EEF0000BC639 /* ASM/TSM */ = {
			isa = PBXGroup;
			children = (
				ACBCFC8D17A2EFE0000BC639 /* ASM_TSMViewController.h */,
				ACBCFC8E17A2EFE0000BC639 /* ASM_TSMViewController.m */,
				ACBCFC8F17A2EFE0000BC639 /* ASM_TSMViewController.xib */,
				ACBCFC9217A2F009000BC639 /* ASM_TSMListViewController.h */,
				ACBCFC9317A2F009000BC639 /* ASM_TSMListViewController.m */,
				ACBCFC9517A2F385000BC639 /* ASM_TSM.h */,
				ACBCFC9617A2F385000BC639 /* ASM_TSM.m */,
			);
			name = ASM/TSM;
			sourceTree = "<group>";
		};
		ACE4431F179079EA00B78691 = {
			isa = PBXGroup;
			children = (
				ACE44331179079EA00B78691 /* MHDR */,
				ACE4432A179079EA00B78691 /* Frameworks */,
				ACE44329179079EA00B78691 /* Products */,
			);
			sourceTree = "<group>";
		};
		ACE44329179079EA00B78691 /* Products */ = {
			isa = PBXGroup;
			children = (
				ACE44328179079EA00B78691 /* MHDR.app */,
			);
			name = Products;
			sourceTree = "<group>";
		};
		ACE4432A179079EA00B78691 /* Frameworks */ = {
			isa = PBXGroup;
			children = (
				ACE4432B179079EA00B78691 /* UIKit.framework */,
				ACE4432D179079EA00B78691 /* Foundation.framework */,
				ACE4432F179079EA00B78691 /* CoreGraphics.framework */,
			);
			name = Frameworks;
			sourceTree = "<group>";
		};
		ACE44331179079EA00B78691 /* MHDR */ = {
			isa = PBXGroup;
			children = (
				ACBCFC8617A2EEF0000BC639 /* ASM/TSM */,
				AC97828117A1C5FF00CA6E18 /* APM */,
				ACB4BF07179895CC00132045 /* OnCall */,
				ACB4BF141798971400132045 /* ISD Team Members */,
				ACB4BF13179896EE00132045 /* Login */,
				ACE4433A179079EA00B78691 /* mhAppDelegate.h */,
				ACE4433B179079EA00B78691 /* mhAppDelegate.m */,
				ACE44332179079EA00B78691 /* Supporting Files */,
				ACB4BF011798869A00132045 /* MainViewController.h */,
				ACB4BF021798869A00132045 /* MainViewController.m */,
			);
			path = MHDR;
			sourceTree = "<group>";
		};
		ACE44332179079EA00B78691 /* Supporting Files */ = {
			isa = PBXGroup;
			children = (
				ACF2D22117A086E4001D10F4 /* members.json */,
				ACE44333179079EA00B78691 /* MHDR-Info.plist */,
				ACE44334179079EA00B78691 /* InfoPlist.strings */,
				ACE44337179079EA00B78691 /* main.m */,
				ACE44339179079EA00B78691 /* MHDR-Prefix.pch */,
				ACE4433D179079EA00B78691 /* Default.png */,
				ACE4433F179079EA00B78691 /* Default@2x.png */,
				ACE44341179079EA00B78691 /* Default-568h@2x.png */,
			);
			name = "Supporting Files";
			sourceTree = "<group>";
		};
/* End PBXGroup section */

/* Begin PBXNativeTarget section */
		ACE44327179079EA00B78691 /* MHDR */ = {
			isa = PBXNativeTarget;
			buildConfigurationList = ACE44345179079EA00B78691 /* Build configuration list for PBXNativeTarget "MHDR" */;
			buildPhases = (
				ACE44324179079EA00B78691 /* Sources */,
				ACE44325179079EA00B78691 /* Frameworks */,
				ACE44326179079EA00B78691 /* Resources */,
			);
			buildRules = (
			);
			dependencies = (
			);
			name = MHDR;
			productName = MHDR;
			productReference = ACE44328179079EA00B78691 /* MHDR.app */;
			productType = "com.apple.product-type.application";
		};
/* End PBXNativeTarget section */

/* Begin PBXProject section */
		ACE44320179079EA00B78691 /* Project object */ = {
			isa = PBXProject;
			attributes = {
				CLASSPREFIX = mh;
				LastUpgradeCheck = 0460;
				ORGANIZATIONNAME = "Memorial Hermann";
			};
			buildConfigurationList = ACE44323179079EA00B78691 /* Build configuration list for PBXProject "MHDR" */;
			compatibilityVersion = "Xcode 3.2";
			developmentRegion = English;
			hasScannedForEncodings = 0;
			knownRegions = (
				en,
			);
			mainGroup = ACE4431F179079EA00B78691;
			productRefGroup = ACE44329179079EA00B78691 /* Products */;
			projectDirPath = "";
			projectRoot = "";
			targets = (
				ACE44327179079EA00B78691 /* MHDR */,
			);
		};
/* End PBXProject section */

/* Begin PBXResourcesBuildPhase section */
		ACE44326179079EA00B78691 /* Resources */ = {
			isa = PBXResourcesBuildPhase;
			buildActionMask = 2147483647;
			files = (
				ACE44336179079EA00B78691 /* InfoPlist.strings in Resources */,
				ACE4433E179079EA00B78691 /* Default.png in Resources */,
				ACE44340179079EA00B78691 /* Default@2x.png in Resources */,
				ACE44342179079EA00B78691 /* Default-568h@2x.png in Resources */,
				AC2026AA1795F315008036D4 /* LoginViewController.xib in Resources */,
				AC95FC2B1796F81F00D408F1 /* TeamMemberViewController.xib in Resources */,
				ACB4BF1F1798981B00132045 /* OnCallDetailViewController.xib in Resources */,
				ACB7C9D61799BCCB005DF8A3 /* Hypno.png in Resources */,
				ACB7C9D71799BCCB005DF8A3 /* Hypno@2x.png in Resources */,
				ACB7C9D81799BCCB005DF8A3 /* Time.png in Resources */,
				ACB7C9D91799BCCB005DF8A3 /* Time@2x.png in Resources */,
				ACF2D22217A086E4001D10F4 /* members.json in Resources */,
				AC97828617A1C69900CA6E18 /* APMGroupViewController.xib in Resources */,
				ACBCFC8517A2D82C000BC639 /* APMApplicationViewController.xib in Resources */,
				ACBCFC9117A2EFE0000BC639 /* ASM_TSMViewController.xib in Resources */,
				AC6FA33617A3206F002FD448 /* OnCallDatePickerViewController.xib in Resources */,
			);
			runOnlyForDeploymentPostprocessing = 0;
		};
/* End PBXResourcesBuildPhase section */

/* Begin PBXSourcesBuildPhase section */
		ACE44324179079EA00B78691 /* Sources */ = {
			isa = PBXSourcesBuildPhase;
			buildActionMask = 2147483647;
			files = (
				ACE44338179079EA00B78691 /* main.m in Sources */,
				ACE4433C179079EA00B78691 /* mhAppDelegate.m in Sources */,
				ACE4434D17907B6500B78691 /* TeamListViewController.m in Sources */,
				ACE443501790834900B78691 /* TeamMember.m in Sources */,
				AC2026A91795F315008036D4 /* LoginViewController.m in Sources */,
				AC95FC2A1796F81F00D408F1 /* TeamMemberViewController.m in Sources */,
				ACB4BF031798869A00132045 /* MainViewController.m in Sources */,
				ACB4BF17179897B300132045 /* OnCallGroupViewController.m in Sources */,
				ACB4BF1E1798981B00132045 /* OnCallDetailViewController.m in Sources */,
				ACB4BF221798984A00132045 /* OnCallListViewController.m in Sources */,
				AC97828517A1C69900CA6E18 /* APMGroupViewController.m in Sources */,
				ACBCFC7D17A2D2A4000BC639 /* APMListViewController.m in Sources */,
				ACBCFC8017A2D7CB000BC639 /* APMApplication.m in Sources */,
				ACBCFC8417A2D82C000BC639 /* APMApplicationViewController.m in Sources */,
				ACBCFC9017A2EFE0000BC639 /* ASM_TSMViewController.m in Sources */,
				ACBCFC9417A2F009000BC639 /* ASM_TSMListViewController.m in Sources */,
				ACBCFC9717A2F385000BC639 /* ASM_TSM.m in Sources */,
				AC6FA33517A3206F002FD448 /* OnCallDatePickerViewController.m in Sources */,
			);
			runOnlyForDeploymentPostprocessing = 0;
		};
/* End PBXSourcesBuildPhase section */

/* Begin PBXVariantGroup section */
		ACE44334179079EA00B78691 /* InfoPlist.strings */ = {
			isa = PBXVariantGroup;
			children = (
				ACE44335179079EA00B78691 /* en */,
			);
			name = InfoPlist.strings;
			sourceTree = "<group>";
		};
/* End PBXVariantGroup section */

/* Begin XCBuildConfiguration section */
		ACE44343179079EA00B78691 /* Debug */ = {
			isa = XCBuildConfiguration;
			buildSettings = {
				ALWAYS_SEARCH_USER_PATHS = NO;
				CLANG_CXX_LANGUAGE_STANDARD = "gnu++0x";
				CLANG_CXX_LIBRARY = "libc++";
				CLANG_ENABLE_OBJC_ARC = YES;
				CLANG_WARN_CONSTANT_CONVERSION = YES;
				CLANG_WARN_EMPTY_BODY = YES;
				CLANG_WARN_ENUM_CONVERSION = YES;
				CLANG_WARN_INT_CONVERSION = YES;
				CLANG_WARN__DUPLICATE_METHOD_MATCH = YES;
				"CODE_SIGN_IDENTITY[sdk=iphoneos*]" = "iPhone Developer";
				COPY_PHASE_STRIP = NO;
				GCC_C_LANGUAGE_STANDARD = gnu99;
				GCC_DYNAMIC_NO_PIC = NO;
				GCC_OPTIMIZATION_LEVEL = 0;
				GCC_PREPROCESSOR_DEFINITIONS = (
					"DEBUG=1",
					"$(inherited)",
				);
				GCC_SYMBOLS_PRIVATE_EXTERN = NO;
				GCC_WARN_ABOUT_RETURN_TYPE = YES;
				GCC_WARN_UNINITIALIZED_AUTOS = YES;
				GCC_WARN_UNUSED_VARIABLE = YES;
				IPHONEOS_DEPLOYMENT_TARGET = 6.1;
				ONLY_ACTIVE_ARCH = YES;
				SDKROOT = iphoneos;
			};
			name = Debug;
		};
		ACE44344179079EA00B78691 /* Release */ = {
			isa = XCBuildConfiguration;
			buildSettings = {
				ALWAYS_SEARCH_USER_PATHS = NO;
				CLANG_CXX_LANGUAGE_STANDARD = "gnu++0x";
				CLANG_CXX_LIBRARY = "libc++";
				CLANG_ENABLE_OBJC_ARC = YES;
				CLANG_WARN_CONSTANT_CONVERSION = YES;
				CLANG_WARN_EMPTY_BODY = YES;
				CLANG_WARN_ENUM_CONVERSION = YES;
				CLANG_WARN_INT_CONVERSION = YES;
				CLANG_WARN__DUPLICATE_METHOD_MATCH = YES;
				"CODE_SIGN_IDENTITY[sdk=iphoneos*]" = "iPhone Developer";
				COPY_PHASE_STRIP = YES;
				GCC_C_LANGUAGE_STANDARD = gnu99;
				GCC_WARN_ABOUT_RETURN_TYPE = YES;
				GCC_WARN_UNINITIALIZED_AUTOS = YES;
				GCC_WARN_UNUSED_VARIABLE = YES;
				IPHONEOS_DEPLOYMENT_TARGET = 6.1;
				OTHER_CFLAGS = "-DNS_BLOCK_ASSERTIONS=1";
				SDKROOT = iphoneos;
				VALIDATE_PRODUCT = YES;
			};
			name = Release;
		};
		ACE44346179079EA00B78691 /* Debug */ = {
			isa = XCBuildConfiguration;
			buildSettings = {
				GCC_PRECOMPILE_PREFIX_HEADER = YES;
				GCC_PREFIX_HEADER = "MHDR/MHDR-Prefix.pch";
				INFOPLIST_FILE = "MHDR/MHDR-Info.plist";
				PRODUCT_NAME = "$(TARGET_NAME)";
				WRAPPER_EXTENSION = app;
			};
			name = Debug;
		};
		ACE44347179079EA00B78691 /* Release */ = {
			isa = XCBuildConfiguration;
			buildSettings = {
				GCC_PRECOMPILE_PREFIX_HEADER = YES;
				GCC_PREFIX_HEADER = "MHDR/MHDR-Prefix.pch";
				INFOPLIST_FILE = "MHDR/MHDR-Info.plist";
				PRODUCT_NAME = "$(TARGET_NAME)";
				WRAPPER_EXTENSION = app;
			};
			name = Release;
		};
/* End XCBuildConfiguration section */

/* Begin XCConfigurationList section */
		ACE44323179079EA00B78691 /* Build configuration list for PBXProject "MHDR" */ = {
			isa = XCConfigurationList;
			buildConfigurations = (
				ACE44343179079EA00B78691 /* Debug */,
				ACE44344179079EA00B78691 /* Release */,
			);
			defaultConfigurationIsVisible = 0;
			defaultConfigurationName = Release;
		};
		ACE44345179079EA00B78691 /* Build configuration list for PBXNativeTarget "MHDR" */ = {
			isa = XCConfigurationList;
			buildConfigurations = (
				ACE44346179079EA00B78691 /* Debug */,
				ACE44347179079EA00B78691 /* Release */,
			);
			defaultConfigurationIsVisible = 0;
			defaultConfigurationName = Release;
		};
/* End XCConfigurationList section */
	};
	rootObject = ACE44320179079EA00B78691 /* Project object */;
}
