// !$*UTF8*$!
{
	archiveVersion = 1;
	classes = {
	};
	objectVersion = 46;
	objects = {

/* Begin PBXBuildFile section */
		AC0575B817B044F40086B899 /* NSStringAdditions.m in Sources */ = {isa = PBXBuildFile; fileRef = AC0575B717B044F40086B899 /* NSStringAdditions.m */; };
		AC0575BB17B045B20086B899 /* NSDataAdditions.m in Sources */ = {isa = PBXBuildFile; fileRef = AC0575BA17B045B20086B899 /* NSDataAdditions.m */; };
		AC2026A91795F315008036D4 /* LoginViewController.m in Sources */ = {isa = PBXBuildFile; fileRef = AC2026A71795F315008036D4 /* LoginViewController.m */; };
		AC2026AA1795F315008036D4 /* LoginViewController.xib in Resources */ = {isa = PBXBuildFile; fileRef = AC2026A81795F315008036D4 /* LoginViewController.xib */; };
		AC258C9117ADDC3100B41138 /* LoginStoryboardViewController.m in Sources */ = {isa = PBXBuildFile; fileRef = AC258C9017ADDC3100B41138 /* LoginStoryboardViewController.m */; };
		AC3DB30C17AAEB7F00758E82 /* TeamMemberDetailViewController.m in Sources */ = {isa = PBXBuildFile; fileRef = AC3DB30A17AAEB7F00758E82 /* TeamMemberDetailViewController.m */; };
		AC3DB30D17AAEB7F00758E82 /* TeamMemberDetailViewController.xib in Resources */ = {isa = PBXBuildFile; fileRef = AC3DB30B17AAEB7F00758E82 /* TeamMemberDetailViewController.xib */; };
		AC3DB30F17AAECDF00758E82 /* TeamMemberDetailStoryboard.storyboard in Resources */ = {isa = PBXBuildFile; fileRef = AC3DB30E17AAECDF00758E82 /* TeamMemberDetailStoryboard.storyboard */; };
		AC3DB31817AB1EAD00758E82 /* DetailViewController.m in Sources */ = {isa = PBXBuildFile; fileRef = AC3DB31717AB1EAD00758E82 /* DetailViewController.m */; };
		AC6FA33517A3206F002FD448 /* OnCallDatePickerViewController.m in Sources */ = {isa = PBXBuildFile; fileRef = AC6FA33317A3206F002FD448 /* OnCallDatePickerViewController.m */; };
		AC6FA33617A3206F002FD448 /* OnCallDatePickerViewController.xib in Resources */ = {isa = PBXBuildFile; fileRef = AC6FA33417A3206F002FD448 /* OnCallDatePickerViewController.xib */; };
		AC7F58AC17ADE3CB00211823 /* TestViewController.m in Sources */ = {isa = PBXBuildFile; fileRef = AC7F58AA17ADE3CB00211823 /* TestViewController.m */; };
		AC7F58AD17ADE3CB00211823 /* TestViewController.xib in Resources */ = {isa = PBXBuildFile; fileRef = AC7F58AB17ADE3CB00211823 /* TestViewController.xib */; };
		AC90E3E017A96E9F002FEAAF /* APMSegmentOwnerPickerViewController.m in Sources */ = {isa = PBXBuildFile; fileRef = AC90E3DE17A96E9F002FEAAF /* APMSegmentOwnerPickerViewController.m */; };
		AC90E3E117A96E9F002FEAAF /* APMSegmentOwnerPickerViewController.xib in Resources */ = {isa = PBXBuildFile; fileRef = AC90E3DF17A96E9F002FEAAF /* APMSegmentOwnerPickerViewController.xib */; };
		AC94706117B0884E00414FAF /* OnCallStoryboard.storyboard in Resources */ = {isa = PBXBuildFile; fileRef = AC94706017B0884E00414FAF /* OnCallStoryboard.storyboard */; };
		AC9548DE17A81C2B0038DC8C /* oncall2.json in Resources */ = {isa = PBXBuildFile; fileRef = AC9548DD17A81C2B0038DC8C /* oncall2.json */; };
		AC9548E717A8200E0038DC8C /* OnCallSolSegmentPickerViewController.m in Sources */ = {isa = PBXBuildFile; fileRef = AC9548E517A8200E0038DC8C /* OnCallSolSegmentPickerViewController.m */; };
		AC9548E817A8200E0038DC8C /* OnCallSolSegmentPickerViewController.xib in Resources */ = {isa = PBXBuildFile; fileRef = AC9548E617A8200E0038DC8C /* OnCallSolSegmentPickerViewController.xib */; };
		AC9548EB17A852A40038DC8C /* OnCall.m in Sources */ = {isa = PBXBuildFile; fileRef = AC9548EA17A852A40038DC8C /* OnCall.m */; };
		AC9548F417A85E010038DC8C /* OnCallDetailViewController.m in Sources */ = {isa = PBXBuildFile; fileRef = AC9548F217A85E000038DC8C /* OnCallDetailViewController.m */; };
		AC9548F517A85E010038DC8C /* OnCallDetailViewController.xib in Resources */ = {isa = PBXBuildFile; fileRef = AC9548F317A85E010038DC8C /* OnCallDetailViewController.xib */; };
		AC95B39C17ADD7A4005825A6 /* LoginStoryboard.storyboard in Resources */ = {isa = PBXBuildFile; fileRef = AC95B39B17ADD7A4005825A6 /* LoginStoryboard.storyboard */; };
		AC95FC2A1796F81F00D408F1 /* TeamMemberViewController.m in Sources */ = {isa = PBXBuildFile; fileRef = AC95FC281796F81F00D408F1 /* TeamMemberViewController.m */; };
		AC95FC2B1796F81F00D408F1 /* TeamMemberViewController.xib in Resources */ = {isa = PBXBuildFile; fileRef = AC95FC291796F81F00D408F1 /* TeamMemberViewController.xib */; };
		AC9696F817B0165400356398 /* APMSelectViewController.m in Sources */ = {isa = PBXBuildFile; fileRef = AC9696F617B0165400356398 /* APMSelectViewController.m */; };
		AC9696F917B0165400356398 /* APMSelectViewController.xib in Resources */ = {isa = PBXBuildFile; fileRef = AC9696F717B0165400356398 /* APMSelectViewController.xib */; };
		AC97828517A1C69900CA6E18 /* APMGroupViewController.m in Sources */ = {isa = PBXBuildFile; fileRef = AC97828317A1C69900CA6E18 /* APMGroupViewController.m */; };
		AC97828617A1C69900CA6E18 /* APMGroupViewController.xib in Resources */ = {isa = PBXBuildFile; fileRef = AC97828417A1C69900CA6E18 /* APMGroupViewController.xib */; };
		ACB0B6E817A6C3F900611567 /* ScheduleEventsSummary.pdf in Resources */ = {isa = PBXBuildFile; fileRef = ACB0B6E717A6C3F900611567 /* ScheduleEventsSummary.pdf */; };
		ACB0B6EC17A6C48200611567 /* DisasterRecovery.pdf in Resources */ = {isa = PBXBuildFile; fileRef = ACB0B6EB17A6C48200611567 /* DisasterRecovery.pdf */; };
		ACB0B6F517A6F4B700611567 /* ContactListViewController.m in Sources */ = {isa = PBXBuildFile; fileRef = ACB0B6F417A6F4B700611567 /* ContactListViewController.m */; };
		ACB4BF031798869A00132045 /* MainViewController.m in Sources */ = {isa = PBXBuildFile; fileRef = ACB4BF021798869A00132045 /* MainViewController.m */; };
		ACB4BF17179897B300132045 /* OnCallGroupViewController.m in Sources */ = {isa = PBXBuildFile; fileRef = ACB4BF16179897B300132045 /* OnCallGroupViewController.m */; };
		ACB4BF221798984A00132045 /* OnCallListViewController.m in Sources */ = {isa = PBXBuildFile; fileRef = ACB4BF211798984A00132045 /* OnCallListViewController.m */; };
		ACB7C9D61799BCCB005DF8A3 /* Hypno.png in Resources */ = {isa = PBXBuildFile; fileRef = ACB7C9D21799BCCB005DF8A3 /* Hypno.png */; };
		ACB7C9D71799BCCB005DF8A3 /* Hypno@2x.png in Resources */ = {isa = PBXBuildFile; fileRef = ACB7C9D31799BCCB005DF8A3 /* Hypno@2x.png */; };
		ACB7C9D81799BCCB005DF8A3 /* Time.png in Resources */ = {isa = PBXBuildFile; fileRef = ACB7C9D41799BCCB005DF8A3 /* Time.png */; };
		ACB7C9D91799BCCB005DF8A3 /* Time@2x.png in Resources */ = {isa = PBXBuildFile; fileRef = ACB7C9D51799BCCB005DF8A3 /* Time@2x.png */; };
		ACBCFC7D17A2D2A4000BC639 /* APMListViewController.m in Sources */ = {isa = PBXBuildFile; fileRef = ACBCFC7C17A2D2A4000BC639 /* APMListViewController.m */; };
		ACBCFC8017A2D7CB000BC639 /* APMApplication.m in Sources */ = {isa = PBXBuildFile; fileRef = ACBCFC7F17A2D7CB000BC639 /* APMApplication.m */; };
		ACBCFC8417A2D82C000BC639 /* APMApplicationViewController.m in Sources */ = {isa = PBXBuildFile; fileRef = ACBCFC8217A2D82C000BC639 /* APMApplicationViewController.m */; };
		ACBCFC8517A2D82C000BC639 /* APMApplicationViewController.xib in Resources */ = {isa = PBXBuildFile; fileRef = ACBCFC8317A2D82C000BC639 /* APMApplicationViewController.xib */; };
		ACBCFC9017A2EFE0000BC639 /* ASM_TSMViewController.m in Sources */ = {isa = PBXBuildFile; fileRef = ACBCFC8E17A2EFE0000BC639 /* ASM_TSMViewController.m */; };
		ACBCFC9117A2EFE0000BC639 /* ASM_TSMViewController.xib in Resources */ = {isa = PBXBuildFile; fileRef = ACBCFC8F17A2EFE0000BC639 /* ASM_TSMViewController.xib */; };
		ACBCFC9417A2F009000BC639 /* ASM_TSMListViewController.m in Sources */ = {isa = PBXBuildFile; fileRef = ACBCFC9317A2F009000BC639 /* ASM_TSMListViewController.m */; };
		ACBCFC9717A2F385000BC639 /* ASM_TSM.m in Sources */ = {isa = PBXBuildFile; fileRef = ACBCFC9617A2F385000BC639 /* ASM_TSM.m */; };
		ACD0E6DA17B14BF800A850AC /* ASM_TSMStoryboard.storyboard in Resources */ = {isa = PBXBuildFile; fileRef = ACD0E6D917B14BF800A850AC /* ASM_TSMStoryboard.storyboard */; };
		ACD0E6DD17B14EF300A850AC /* ASM_TSMStoryboardDetailViewController.m in Sources */ = {isa = PBXBuildFile; fileRef = ACD0E6DC17B14EF300A850AC /* ASM_TSMStoryboardDetailViewController.m */; };
		ACD0E6E317B192C100A850AC /* DocumentLoaderViewController.m in Sources */ = {isa = PBXBuildFile; fileRef = ACD0E6E217B192C100A850AC /* DocumentLoaderViewController.m */; };
		ACD0E6E817B19E1600A850AC /* TeamListViewController.m in Sources */ = {isa = PBXBuildFile; fileRef = ACD0E6E717B19E1600A850AC /* TeamListViewController.m */; };
		ACD4531117B08C9F00E29F8B /* OnCallStoryboardDetailViewController.m in Sources */ = {isa = PBXBuildFile; fileRef = ACD4531017B08C9F00E29F8B /* OnCallStoryboardDetailViewController.m */; };
		ACD772F617A492EE007ADC95 /* members2.json in Resources */ = {isa = PBXBuildFile; fileRef = ACD772F517A492EE007ADC95 /* members2.json */; };
		ACDED89D17AC0FFC000F74B7 /* login_BKGND.png in Resources */ = {isa = PBXBuildFile; fileRef = ACDED89B17AC0FFC000F74B7 /* login_BKGND.png */; };
		ACDED89E17AC0FFC000F74B7 /* main_BKGND.png in Resources */ = {isa = PBXBuildFile; fileRef = ACDED89C17AC0FFC000F74B7 /* main_BKGND.png */; };
		ACDED8A217AC2DA0000F74B7 /* APMPickerViewController.m in Sources */ = {isa = PBXBuildFile; fileRef = ACDED8A017AC2DA0000F74B7 /* APMPickerViewController.m */; };
		ACDED8A317AC2DA0000F74B7 /* APMPickerViewController.xib in Resources */ = {isa = PBXBuildFile; fileRef = ACDED8A117AC2DA0000F74B7 /* APMPickerViewController.xib */; };
		ACE4432C179079EA00B78691 /* UIKit.framework in Frameworks */ = {isa = PBXBuildFile; fileRef = ACE4432B179079EA00B78691 /* UIKit.framework */; };
		ACE4432E179079EA00B78691 /* Foundation.framework in Frameworks */ = {isa = PBXBuildFile; fileRef = ACE4432D179079EA00B78691 /* Foundation.framework */; };
		ACE44330179079EA00B78691 /* CoreGraphics.framework in Frameworks */ = {isa = PBXBuildFile; fileRef = ACE4432F179079EA00B78691 /* CoreGraphics.framework */; };
		ACE44336179079EA00B78691 /* InfoPlist.strings in Resources */ = {isa = PBXBuildFile; fileRef = ACE44334179079EA00B78691 /* InfoPlist.strings */; };
		ACE44338179079EA00B78691 /* main.m in Sources */ = {isa = PBXBuildFile; fileRef = ACE44337179079EA00B78691 /* main.m */; };
		ACE4433C179079EA00B78691 /* mhAppDelegate.m in Sources */ = {isa = PBXBuildFile; fileRef = ACE4433B179079EA00B78691 /* mhAppDelegate.m */; };
		ACE4433E179079EA00B78691 /* Default.png in Resources */ = {isa = PBXBuildFile; fileRef = ACE4433D179079EA00B78691 /* Default.png */; };
		ACE44340179079EA00B78691 /* Default@2x.png in Resources */ = {isa = PBXBuildFile; fileRef = ACE4433F179079EA00B78691 /* Default@2x.png */; };
		ACE44342179079EA00B78691 /* Default-568h@2x.png in Resources */ = {isa = PBXBuildFile; fileRef = ACE44341179079EA00B78691 /* Default-568h@2x.png */; };
		ACE443501790834900B78691 /* TeamMember.m in Sources */ = {isa = PBXBuildFile; fileRef = ACE4434F1790834900B78691 /* TeamMember.m */; };
		ACF606A217A70CBA0030A73D /* OPS_Guide_Update.doc in Resources */ = {isa = PBXBuildFile; fileRef = ACF606A117A70CBA0030A73D /* OPS_Guide_Update.doc */; };
		ACF606A317A70D330030A73D /* VendorContact.xls in Resources */ = {isa = PBXBuildFile; fileRef = ACF6069D17A701680030A73D /* VendorContact.xls */; };
		ACF606A417A70D380030A73D /* MedicalPlazaNorth.xls in Resources */ = {isa = PBXBuildFile; fileRef = ACF6069E17A701680030A73D /* MedicalPlazaNorth.xls */; };
		ACF606A917A725AA0030A73D /* apm2.json in Resources */ = {isa = PBXBuildFile; fileRef = ACF606A817A725AA0030A73D /* apm2.json */; };
/* End PBXBuildFile section */

/* Begin PBXFileReference section */
		AC0575B617B044F40086B899 /* NSStringAdditions.h */ = {isa = PBXFileReference; fileEncoding = 4; lastKnownFileType = sourcecode.c.h; path = NSStringAdditions.h; sourceTree = "<group>"; };
		AC0575B717B044F40086B899 /* NSStringAdditions.m */ = {isa = PBXFileReference; fileEncoding = 4; lastKnownFileType = sourcecode.c.objc; path = NSStringAdditions.m; sourceTree = "<group>"; };
		AC0575B917B045B20086B899 /* NSDataAdditions.h */ = {isa = PBXFileReference; fileEncoding = 4; lastKnownFileType = sourcecode.c.h; path = NSDataAdditions.h; sourceTree = "<group>"; };
		AC0575BA17B045B20086B899 /* NSDataAdditions.m */ = {isa = PBXFileReference; fileEncoding = 4; lastKnownFileType = sourcecode.c.objc; path = NSDataAdditions.m; sourceTree = "<group>"; };
		AC2026A61795F315008036D4 /* LoginViewController.h */ = {isa = PBXFileReference; fileEncoding = 4; lastKnownFileType = sourcecode.c.h; path = LoginViewController.h; sourceTree = "<group>"; };
		AC2026A71795F315008036D4 /* LoginViewController.m */ = {isa = PBXFileReference; fileEncoding = 4; lastKnownFileType = sourcecode.c.objc; path = LoginViewController.m; sourceTree = "<group>"; };
		AC2026A81795F315008036D4 /* LoginViewController.xib */ = {isa = PBXFileReference; fileEncoding = 4; lastKnownFileType = file.xib; path = LoginViewController.xib; sourceTree = "<group>"; };
		AC258C8F17ADDC3100B41138 /* LoginStoryboardViewController.h */ = {isa = PBXFileReference; fileEncoding = 4; lastKnownFileType = sourcecode.c.h; path = LoginStoryboardViewController.h; sourceTree = "<group>"; };
		AC258C9017ADDC3100B41138 /* LoginStoryboardViewController.m */ = {isa = PBXFileReference; fileEncoding = 4; lastKnownFileType = sourcecode.c.objc; path = LoginStoryboardViewController.m; sourceTree = "<group>"; };
		AC3DB30917AAEB7F00758E82 /* TeamMemberDetailViewController.h */ = {isa = PBXFileReference; fileEncoding = 4; lastKnownFileType = sourcecode.c.h; path = TeamMemberDetailViewController.h; sourceTree = "<group>"; };
		AC3DB30A17AAEB7F00758E82 /* TeamMemberDetailViewController.m */ = {isa = PBXFileReference; fileEncoding = 4; lastKnownFileType = sourcecode.c.objc; path = TeamMemberDetailViewController.m; sourceTree = "<group>"; };
		AC3DB30B17AAEB7F00758E82 /* TeamMemberDetailViewController.xib */ = {isa = PBXFileReference; fileEncoding = 4; lastKnownFileType = file.xib; path = TeamMemberDetailViewController.xib; sourceTree = "<group>"; };
		AC3DB30E17AAECDF00758E82 /* TeamMemberDetailStoryboard.storyboard */ = {isa = PBXFileReference; fileEncoding = 4; lastKnownFileType = file.storyboard; path = TeamMemberDetailStoryboard.storyboard; sourceTree = "<group>"; };
		AC3DB31617AB1EAD00758E82 /* DetailViewController.h */ = {isa = PBXFileReference; fileEncoding = 4; lastKnownFileType = sourcecode.c.h; path = DetailViewController.h; sourceTree = "<group>"; };
		AC3DB31717AB1EAD00758E82 /* DetailViewController.m */ = {isa = PBXFileReference; fileEncoding = 4; lastKnownFileType = sourcecode.c.objc; path = DetailViewController.m; sourceTree = "<group>"; };
		AC6FA33217A3206F002FD448 /* OnCallDatePickerViewController.h */ = {isa = PBXFileReference; fileEncoding = 4; lastKnownFileType = sourcecode.c.h; path = OnCallDatePickerViewController.h; sourceTree = "<group>"; };
		AC6FA33317A3206F002FD448 /* OnCallDatePickerViewController.m */ = {isa = PBXFileReference; fileEncoding = 4; lastKnownFileType = sourcecode.c.objc; path = OnCallDatePickerViewController.m; sourceTree = "<group>"; };
		AC6FA33417A3206F002FD448 /* OnCallDatePickerViewController.xib */ = {isa = PBXFileReference; fileEncoding = 4; lastKnownFileType = file.xib; path = OnCallDatePickerViewController.xib; sourceTree = "<group>"; };
		AC7F58A917ADE3CB00211823 /* TestViewController.h */ = {isa = PBXFileReference; fileEncoding = 4; lastKnownFileType = sourcecode.c.h; path = TestViewController.h; sourceTree = "<group>"; };
		AC7F58AA17ADE3CB00211823 /* TestViewController.m */ = {isa = PBXFileReference; fileEncoding = 4; lastKnownFileType = sourcecode.c.objc; path = TestViewController.m; sourceTree = "<group>"; };
		AC7F58AB17ADE3CB00211823 /* TestViewController.xib */ = {isa = PBXFileReference; fileEncoding = 4; lastKnownFileType = file.xib; path = TestViewController.xib; sourceTree = "<group>"; };
		AC90E3DD17A96E9F002FEAAF /* APMSegmentOwnerPickerViewController.h */ = {isa = PBXFileReference; fileEncoding = 4; lastKnownFileType = sourcecode.c.h; path = APMSegmentOwnerPickerViewController.h; sourceTree = "<group>"; };
		AC90E3DE17A96E9F002FEAAF /* APMSegmentOwnerPickerViewController.m */ = {isa = PBXFileReference; fileEncoding = 4; lastKnownFileType = sourcecode.c.objc; path = APMSegmentOwnerPickerViewController.m; sourceTree = "<group>"; };
		AC90E3DF17A96E9F002FEAAF /* APMSegmentOwnerPickerViewController.xib */ = {isa = PBXFileReference; fileEncoding = 4; lastKnownFileType = file.xib; path = APMSegmentOwnerPickerViewController.xib; sourceTree = "<group>"; };
		AC94706017B0884E00414FAF /* OnCallStoryboard.storyboard */ = {isa = PBXFileReference; fileEncoding = 4; lastKnownFileType = file.storyboard; path = OnCallStoryboard.storyboard; sourceTree = "<group>"; };
		AC9548DD17A81C2B0038DC8C /* oncall2.json */ = {isa = PBXFileReference; fileEncoding = 4; lastKnownFileType = text.json; path = oncall2.json; sourceTree = "<group>"; };
		AC9548E417A8200E0038DC8C /* OnCallSolSegmentPickerViewController.h */ = {isa = PBXFileReference; fileEncoding = 4; lastKnownFileType = sourcecode.c.h; path = OnCallSolSegmentPickerViewController.h; sourceTree = "<group>"; };
		AC9548E517A8200E0038DC8C /* OnCallSolSegmentPickerViewController.m */ = {isa = PBXFileReference; fileEncoding = 4; lastKnownFileType = sourcecode.c.objc; path = OnCallSolSegmentPickerViewController.m; sourceTree = "<group>"; };
		AC9548E617A8200E0038DC8C /* OnCallSolSegmentPickerViewController.xib */ = {isa = PBXFileReference; fileEncoding = 4; lastKnownFileType = file.xib; path = OnCallSolSegmentPickerViewController.xib; sourceTree = "<group>"; };
		AC9548E917A852A40038DC8C /* OnCall.h */ = {isa = PBXFileReference; fileEncoding = 4; lastKnownFileType = sourcecode.c.h; path = OnCall.h; sourceTree = "<group>"; };
		AC9548EA17A852A40038DC8C /* OnCall.m */ = {isa = PBXFileReference; fileEncoding = 4; lastKnownFileType = sourcecode.c.objc; path = OnCall.m; sourceTree = "<group>"; };
		AC9548F117A85E000038DC8C /* OnCallDetailViewController.h */ = {isa = PBXFileReference; fileEncoding = 4; lastKnownFileType = sourcecode.c.h; path = OnCallDetailViewController.h; sourceTree = "<group>"; };
		AC9548F217A85E000038DC8C /* OnCallDetailViewController.m */ = {isa = PBXFileReference; fileEncoding = 4; lastKnownFileType = sourcecode.c.objc; path = OnCallDetailViewController.m; sourceTree = "<group>"; };
		AC9548F317A85E010038DC8C /* OnCallDetailViewController.xib */ = {isa = PBXFileReference; fileEncoding = 4; lastKnownFileType = file.xib; path = OnCallDetailViewController.xib; sourceTree = "<group>"; };
		AC95B39B17ADD7A4005825A6 /* LoginStoryboard.storyboard */ = {isa = PBXFileReference; fileEncoding = 4; lastKnownFileType = file.storyboard; path = LoginStoryboard.storyboard; sourceTree = "<group>"; };
		AC95FC271796F81F00D408F1 /* TeamMemberViewController.h */ = {isa = PBXFileReference; fileEncoding = 4; lastKnownFileType = sourcecode.c.h; path = TeamMemberViewController.h; sourceTree = "<group>"; };
		AC95FC281796F81F00D408F1 /* TeamMemberViewController.m */ = {isa = PBXFileReference; fileEncoding = 4; lastKnownFileType = sourcecode.c.objc; path = TeamMemberViewController.m; sourceTree = "<group>"; };
		AC95FC291796F81F00D408F1 /* TeamMemberViewController.xib */ = {isa = PBXFileReference; fileEncoding = 4; lastKnownFileType = file.xib; path = TeamMemberViewController.xib; sourceTree = "<group>"; };
		AC9696F517B0165400356398 /* APMSelectViewController.h */ = {isa = PBXFileReference; fileEncoding = 4; lastKnownFileType = sourcecode.c.h; path = APMSelectViewController.h; sourceTree = "<group>"; };
		AC9696F617B0165400356398 /* APMSelectViewController.m */ = {isa = PBXFileReference; fileEncoding = 4; lastKnownFileType = sourcecode.c.objc; path = APMSelectViewController.m; sourceTree = "<group>"; };
		AC9696F717B0165400356398 /* APMSelectViewController.xib */ = {isa = PBXFileReference; fileEncoding = 4; lastKnownFileType = file.xib; path = APMSelectViewController.xib; sourceTree = "<group>"; };
		AC97828217A1C69900CA6E18 /* APMGroupViewController.h */ = {isa = PBXFileReference; fileEncoding = 4; lastKnownFileType = sourcecode.c.h; path = APMGroupViewController.h; sourceTree = "<group>"; };
		AC97828317A1C69900CA6E18 /* APMGroupViewController.m */ = {isa = PBXFileReference; fileEncoding = 4; lastKnownFileType = sourcecode.c.objc; path = APMGroupViewController.m; sourceTree = "<group>"; };
		AC97828417A1C69900CA6E18 /* APMGroupViewController.xib */ = {isa = PBXFileReference; fileEncoding = 4; lastKnownFileType = file.xib; path = APMGroupViewController.xib; sourceTree = "<group>"; };
		ACB0B6E717A6C3F900611567 /* ScheduleEventsSummary.pdf */ = {isa = PBXFileReference; lastKnownFileType = image.pdf; path = ScheduleEventsSummary.pdf; sourceTree = "<group>"; };
		ACB0B6EB17A6C48200611567 /* DisasterRecovery.pdf */ = {isa = PBXFileReference; lastKnownFileType = image.pdf; path = DisasterRecovery.pdf; sourceTree = "<group>"; };
		ACB0B6EF17A6C50200611567 /* Situation Management Handbook.docx */ = {isa = PBXFileReference; lastKnownFileType = file; path = "Situation Management Handbook.docx"; sourceTree = "<group>"; };
		ACB0B6F017A6C50200611567 /* OA-Onsite Admin-contacts.xlsx */ = {isa = PBXFileReference; lastKnownFileType = file; path = "OA-Onsite Admin-contacts.xlsx"; sourceTree = "<group>"; };
		ACB0B6F117A6C50200611567 /* App Communication Plan List.xlsx */ = {isa = PBXFileReference; lastKnownFileType = file; path = "App Communication Plan List.xlsx"; sourceTree = "<group>"; };
		ACB0B6F217A6C50200611567 /* 2nd Tier App Comm Process.docx */ = {isa = PBXFileReference; lastKnownFileType = file; path = "2nd Tier App Comm Process.docx"; sourceTree = "<group>"; };
		ACB0B6F317A6F4B700611567 /* ContactListViewController.h */ = {isa = PBXFileReference; fileEncoding = 4; lastKnownFileType = sourcecode.c.h; path = ContactListViewController.h; sourceTree = "<group>"; };
		ACB0B6F417A6F4B700611567 /* ContactListViewController.m */ = {isa = PBXFileReference; fileEncoding = 4; lastKnownFileType = sourcecode.c.objc; path = ContactListViewController.m; sourceTree = "<group>"; };
		ACB4BF011798869A00132045 /* MainViewController.h */ = {isa = PBXFileReference; fileEncoding = 4; lastKnownFileType = sourcecode.c.h; path = MainViewController.h; sourceTree = "<group>"; };
		ACB4BF021798869A00132045 /* MainViewController.m */ = {isa = PBXFileReference; fileEncoding = 4; lastKnownFileType = sourcecode.c.objc; path = MainViewController.m; sourceTree = "<group>"; };
		ACB4BF15179897B300132045 /* OnCallGroupViewController.h */ = {isa = PBXFileReference; fileEncoding = 4; lastKnownFileType = sourcecode.c.h; path = OnCallGroupViewController.h; sourceTree = "<group>"; };
		ACB4BF16179897B300132045 /* OnCallGroupViewController.m */ = {isa = PBXFileReference; fileEncoding = 4; lastKnownFileType = sourcecode.c.objc; path = OnCallGroupViewController.m; sourceTree = "<group>"; };
		ACB4BF201798984A00132045 /* OnCallListViewController.h */ = {isa = PBXFileReference; fileEncoding = 4; lastKnownFileType = sourcecode.c.h; path = OnCallListViewController.h; sourceTree = "<group>"; };
		ACB4BF211798984A00132045 /* OnCallListViewController.m */ = {isa = PBXFileReference; fileEncoding = 4; lastKnownFileType = sourcecode.c.objc; path = OnCallListViewController.m; sourceTree = "<group>"; };
		ACB7C9D21799BCCB005DF8A3 /* Hypno.png */ = {isa = PBXFileReference; lastKnownFileType = image.png; path = Hypno.png; sourceTree = "<group>"; };
		ACB7C9D31799BCCB005DF8A3 /* Hypno@2x.png */ = {isa = PBXFileReference; lastKnownFileType = image.png; path = "Hypno@2x.png"; sourceTree = "<group>"; };
		ACB7C9D41799BCCB005DF8A3 /* Time.png */ = {isa = PBXFileReference; lastKnownFileType = image.png; path = Time.png; sourceTree = "<group>"; };
		ACB7C9D51799BCCB005DF8A3 /* Time@2x.png */ = {isa = PBXFileReference; lastKnownFileType = image.png; path = "Time@2x.png"; sourceTree = "<group>"; };
		ACBCFC7B17A2D2A4000BC639 /* APMListViewController.h */ = {isa = PBXFileReference; fileEncoding = 4; lastKnownFileType = sourcecode.c.h; path = APMListViewController.h; sourceTree = "<group>"; };
		ACBCFC7C17A2D2A4000BC639 /* APMListViewController.m */ = {isa = PBXFileReference; fileEncoding = 4; lastKnownFileType = sourcecode.c.objc; path = APMListViewController.m; sourceTree = "<group>"; };
		ACBCFC7E17A2D7CB000BC639 /* APMApplication.h */ = {isa = PBXFileReference; fileEncoding = 4; lastKnownFileType = sourcecode.c.h; path = APMApplication.h; sourceTree = "<group>"; };
		ACBCFC7F17A2D7CB000BC639 /* APMApplication.m */ = {isa = PBXFileReference; fileEncoding = 4; lastKnownFileType = sourcecode.c.objc; path = APMApplication.m; sourceTree = "<group>"; };
		ACBCFC8117A2D82C000BC639 /* APMApplicationViewController.h */ = {isa = PBXFileReference; fileEncoding = 4; lastKnownFileType = sourcecode.c.h; path = APMApplicationViewController.h; sourceTree = "<group>"; };
		ACBCFC8217A2D82C000BC639 /* APMApplicationViewController.m */ = {isa = PBXFileReference; fileEncoding = 4; lastKnownFileType = sourcecode.c.objc; path = APMApplicationViewController.m; sourceTree = "<group>"; };
		ACBCFC8317A2D82C000BC639 /* APMApplicationViewController.xib */ = {isa = PBXFileReference; fileEncoding = 4; lastKnownFileType = file.xib; path = APMApplicationViewController.xib; sourceTree = "<group>"; };
		ACBCFC8D17A2EFE0000BC639 /* ASM_TSMViewController.h */ = {isa = PBXFileReference; fileEncoding = 4; lastKnownFileType = sourcecode.c.h; path = ASM_TSMViewController.h; sourceTree = "<group>"; };
		ACBCFC8E17A2EFE0000BC639 /* ASM_TSMViewController.m */ = {isa = PBXFileReference; fileEncoding = 4; lastKnownFileType = sourcecode.c.objc; path = ASM_TSMViewController.m; sourceTree = "<group>"; };
		ACBCFC8F17A2EFE0000BC639 /* ASM_TSMViewController.xib */ = {isa = PBXFileReference; fileEncoding = 4; lastKnownFileType = file.xib; path = ASM_TSMViewController.xib; sourceTree = "<group>"; };
		ACBCFC9217A2F009000BC639 /* ASM_TSMListViewController.h */ = {isa = PBXFileReference; fileEncoding = 4; lastKnownFileType = sourcecode.c.h; path = ASM_TSMListViewController.h; sourceTree = "<group>"; };
		ACBCFC9317A2F009000BC639 /* ASM_TSMListViewController.m */ = {isa = PBXFileReference; fileEncoding = 4; lastKnownFileType = sourcecode.c.objc; path = ASM_TSMListViewController.m; sourceTree = "<group>"; };
		ACBCFC9517A2F385000BC639 /* ASM_TSM.h */ = {isa = PBXFileReference; fileEncoding = 4; lastKnownFileType = sourcecode.c.h; path = ASM_TSM.h; sourceTree = "<group>"; };
		ACBCFC9617A2F385000BC639 /* ASM_TSM.m */ = {isa = PBXFileReference; fileEncoding = 4; lastKnownFileType = sourcecode.c.objc; path = ASM_TSM.m; sourceTree = "<group>"; };
		ACD0E6D917B14BF800A850AC /* ASM_TSMStoryboard.storyboard */ = {isa = PBXFileReference; fileEncoding = 4; lastKnownFileType = file.storyboard; path = ASM_TSMStoryboard.storyboard; sourceTree = "<group>"; };
		ACD0E6DB17B14EF300A850AC /* ASM_TSMStoryboardDetailViewController.h */ = {isa = PBXFileReference; fileEncoding = 4; lastKnownFileType = sourcecode.c.h; path = ASM_TSMStoryboardDetailViewController.h; sourceTree = "<group>"; };
		ACD0E6DC17B14EF300A850AC /* ASM_TSMStoryboardDetailViewController.m */ = {isa = PBXFileReference; fileEncoding = 4; lastKnownFileType = sourcecode.c.objc; path = ASM_TSMStoryboardDetailViewController.m; sourceTree = "<group>"; };
		ACD0E6E117B192C100A850AC /* DocumentLoaderViewController.h */ = {isa = PBXFileReference; fileEncoding = 4; lastKnownFileType = sourcecode.c.h; path = DocumentLoaderViewController.h; sourceTree = "<group>"; };
		ACD0E6E217B192C100A850AC /* DocumentLoaderViewController.m */ = {isa = PBXFileReference; fileEncoding = 4; lastKnownFileType = sourcecode.c.objc; path = DocumentLoaderViewController.m; sourceTree = "<group>"; };
		ACD0E6E617B19E1600A850AC /* TeamListViewController.h */ = {isa = PBXFileReference; fileEncoding = 4; lastKnownFileType = sourcecode.c.h; path = TeamListViewController.h; sourceTree = "<group>"; };
		ACD0E6E717B19E1600A850AC /* TeamListViewController.m */ = {isa = PBXFileReference; fileEncoding = 4; lastKnownFileType = sourcecode.c.objc; path = TeamListViewController.m; sourceTree = "<group>"; };
		ACD4530F17B08C9F00E29F8B /* OnCallStoryboardDetailViewController.h */ = {isa = PBXFileReference; fileEncoding = 4; lastKnownFileType = sourcecode.c.h; path = OnCallStoryboardDetailViewController.h; sourceTree = "<group>"; };
		ACD4531017B08C9F00E29F8B /* OnCallStoryboardDetailViewController.m */ = {isa = PBXFileReference; fileEncoding = 4; lastKnownFileType = sourcecode.c.objc; path = OnCallStoryboardDetailViewController.m; sourceTree = "<group>"; };
		ACD772F517A492EE007ADC95 /* members2.json */ = {isa = PBXFileReference; fileEncoding = 4; lastKnownFileType = text.json; path = members2.json; sourceTree = "<group>"; };
		ACDED89B17AC0FFC000F74B7 /* login_BKGND.png */ = {isa = PBXFileReference; lastKnownFileType = image.png; path = login_BKGND.png; sourceTree = "<group>"; };
		ACDED89C17AC0FFC000F74B7 /* main_BKGND.png */ = {isa = PBXFileReference; lastKnownFileType = image.png; path = main_BKGND.png; sourceTree = "<group>"; };
		ACDED89F17AC2DA0000F74B7 /* APMPickerViewController.h */ = {isa = PBXFileReference; fileEncoding = 4; lastKnownFileType = sourcecode.c.h; path = APMPickerViewController.h; sourceTree = "<group>"; };
		ACDED8A017AC2DA0000F74B7 /* APMPickerViewController.m */ = {isa = PBXFileReference; fileEncoding = 4; lastKnownFileType = sourcecode.c.objc; path = APMPickerViewController.m; sourceTree = "<group>"; };
		ACDED8A117AC2DA0000F74B7 /* APMPickerViewController.xib */ = {isa = PBXFileReference; fileEncoding = 4; lastKnownFileType = file.xib; path = APMPickerViewController.xib; sourceTree = "<group>"; };
		ACE44328179079EA00B78691 /* MHDR.app */ = {isa = PBXFileReference; explicitFileType = wrapper.application; includeInIndex = 0; path = MHDR.app; sourceTree = BUILT_PRODUCTS_DIR; };
		ACE4432B179079EA00B78691 /* UIKit.framework */ = {isa = PBXFileReference; lastKnownFileType = wrapper.framework; name = UIKit.framework; path = System/Library/Frameworks/UIKit.framework; sourceTree = SDKROOT; };
		ACE4432D179079EA00B78691 /* Foundation.framework */ = {isa = PBXFileReference; lastKnownFileType = wrapper.framework; name = Foundation.framework; path = System/Library/Frameworks/Foundation.framework; sourceTree = SDKROOT; };
		ACE4432F179079EA00B78691 /* CoreGraphics.framework */ = {isa = PBXFileReference; lastKnownFileType = wrapper.framework; name = CoreGraphics.framework; path = System/Library/Frameworks/CoreGraphics.framework; sourceTree = SDKROOT; };
		ACE44333179079EA00B78691 /* MHDR-Info.plist */ = {isa = PBXFileReference; lastKnownFileType = text.plist.xml; path = "MHDR-Info.plist"; sourceTree = "<group>"; };
		ACE44335179079EA00B78691 /* en */ = {isa = PBXFileReference; lastKnownFileType = text.plist.strings; name = en; path = en.lproj/InfoPlist.strings; sourceTree = "<group>"; };
		ACE44337179079EA00B78691 /* main.m */ = {isa = PBXFileReference; lastKnownFileType = sourcecode.c.objc; path = main.m; sourceTree = "<group>"; };
		ACE44339179079EA00B78691 /* MHDR-Prefix.pch */ = {isa = PBXFileReference; lastKnownFileType = sourcecode.c.h; path = "MHDR-Prefix.pch"; sourceTree = "<group>"; };
		ACE4433A179079EA00B78691 /* mhAppDelegate.h */ = {isa = PBXFileReference; lastKnownFileType = sourcecode.c.h; path = mhAppDelegate.h; sourceTree = "<group>"; };
		ACE4433B179079EA00B78691 /* mhAppDelegate.m */ = {isa = PBXFileReference; lastKnownFileType = sourcecode.c.objc; path = mhAppDelegate.m; sourceTree = "<group>"; };
		ACE4433D179079EA00B78691 /* Default.png */ = {isa = PBXFileReference; lastKnownFileType = image.png; path = Default.png; sourceTree = "<group>"; };
		ACE4433F179079EA00B78691 /* Default@2x.png */ = {isa = PBXFileReference; lastKnownFileType = image.png; path = "Default@2x.png"; sourceTree = "<group>"; };
		ACE44341179079EA00B78691 /* Default-568h@2x.png */ = {isa = PBXFileReference; lastKnownFileType = image.png; path = "Default-568h@2x.png"; sourceTree = "<group>"; };
		ACE4434E1790834900B78691 /* TeamMember.h */ = {isa = PBXFileReference; fileEncoding = 4; lastKnownFileType = sourcecode.c.h; path = TeamMember.h; sourceTree = "<group>"; };
		ACE4434F1790834900B78691 /* TeamMember.m */ = {isa = PBXFileReference; fileEncoding = 4; lastKnownFileType = sourcecode.c.objc; path = TeamMember.m; sourceTree = "<group>"; };
		ACE443511790847300B78691 /* TeamJSONObjectDelegate.h */ = {isa = PBXFileReference; lastKnownFileType = sourcecode.c.h; path = TeamJSONObjectDelegate.h; sourceTree = "<group>"; };
		ACF6069D17A701680030A73D /* VendorContact.xls */ = {isa = PBXFileReference; lastKnownFileType = file; path = VendorContact.xls; sourceTree = "<group>"; };
		ACF6069E17A701680030A73D /* MedicalPlazaNorth.xls */ = {isa = PBXFileReference; lastKnownFileType = file; path = MedicalPlazaNorth.xls; sourceTree = "<group>"; };
		ACF606A117A70CBA0030A73D /* OPS_Guide_Update.doc */ = {isa = PBXFileReference; lastKnownFileType = file; path = OPS_Guide_Update.doc; sourceTree = "<group>"; };
		ACF606A817A725AA0030A73D /* apm2.json */ = {isa = PBXFileReference; fileEncoding = 4; lastKnownFileType = text.json; path = apm2.json; sourceTree = "<group>"; };
/* End PBXFileReference section */

/* Begin PBXFrameworksBuildPhase section */
		ACE44325179079EA00B78691 /* Frameworks */ = {
			isa = PBXFrameworksBuildPhase;
			buildActionMask = 2147483647;
			files = (
				ACE4432C179079EA00B78691 /* UIKit.framework in Frameworks */,
				ACE4432E179079EA00B78691 /* Foundation.framework in Frameworks */,
				ACE44330179079EA00B78691 /* CoreGraphics.framework in Frameworks */,
			);
			runOnlyForDeploymentPostprocessing = 0;
		};
/* End PBXFrameworksBuildPhase section */

/* Begin PBXGroup section */
		AC0575B217B044440086B899 /* Base64 */ = {
			isa = PBXGroup;
			children = (
				AC0575B617B044F40086B899 /* NSStringAdditions.h */,
				AC0575B717B044F40086B899 /* NSStringAdditions.m */,
				AC0575B917B045B20086B899 /* NSDataAdditions.h */,
				AC0575BA17B045B20086B899 /* NSDataAdditions.m */,
			);
			name = Base64;
			sourceTree = "<group>";
		};
		AC97828117A1C5FF00CA6E18 /* APM */ = {
			isa = PBXGroup;
			children = (
				ACDED89F17AC2DA0000F74B7 /* APMPickerViewController.h */,
				ACDED8A017AC2DA0000F74B7 /* APMPickerViewController.m */,
				ACDED8A117AC2DA0000F74B7 /* APMPickerViewController.xib */,
				ACF606A517A71AA10030A73D /* Supporting Files */,
				AC97828217A1C69900CA6E18 /* APMGroupViewController.h */,
				AC97828317A1C69900CA6E18 /* APMGroupViewController.m */,
				AC97828417A1C69900CA6E18 /* APMGroupViewController.xib */,
				ACBCFC7B17A2D2A4000BC639 /* APMListViewController.h */,
				ACBCFC7C17A2D2A4000BC639 /* APMListViewController.m */,
				ACBCFC7E17A2D7CB000BC639 /* APMApplication.h */,
				ACBCFC7F17A2D7CB000BC639 /* APMApplication.m */,
				ACBCFC8117A2D82C000BC639 /* APMApplicationViewController.h */,
				ACBCFC8217A2D82C000BC639 /* APMApplicationViewController.m */,
				ACBCFC8317A2D82C000BC639 /* APMApplicationViewController.xib */,
				AC90E3DD17A96E9F002FEAAF /* APMSegmentOwnerPickerViewController.h */,
				AC90E3DE17A96E9F002FEAAF /* APMSegmentOwnerPickerViewController.m */,
				AC90E3DF17A96E9F002FEAAF /* APMSegmentOwnerPickerViewController.xib */,
				AC9696F517B0165400356398 /* APMSelectViewController.h */,
				AC9696F617B0165400356398 /* APMSelectViewController.m */,
				AC9696F717B0165400356398 /* APMSelectViewController.xib */,
			);
			name = APM;
			sourceTree = "<group>";
		};
		ACB0B6E017A6C26100611567 /* ContactList */ = {
			isa = PBXGroup;
			children = (
				ACB0B6E117A6C27100611567 /* Supporting Files */,
				ACB0B6F317A6F4B700611567 /* ContactListViewController.h */,
				ACB0B6F417A6F4B700611567 /* ContactListViewController.m */,
			);
			name = ContactList;
			sourceTree = "<group>";
		};
		ACB0B6E117A6C27100611567 /* Supporting Files */ = {
			isa = PBXGroup;
			children = (
				ACF606A117A70CBA0030A73D /* OPS_Guide_Update.doc */,
				ACF6069D17A701680030A73D /* VendorContact.xls */,
				ACF6069E17A701680030A73D /* MedicalPlazaNorth.xls */,
			);
			name = "Supporting Files";
			sourceTree = "<group>";
		};
		ACB0B6E517A6C3BB00611567 /* ChangeManagement */ = {
			isa = PBXGroup;
			children = (
				ACB0B6E617A6C3CB00611567 /* Supporting Files */,
			);
			name = ChangeManagement;
			sourceTree = "<group>";
		};
		ACB0B6E617A6C3CB00611567 /* Supporting Files */ = {
			isa = PBXGroup;
			children = (
				ACB0B6E717A6C3F900611567 /* ScheduleEventsSummary.pdf */,
			);
			name = "Supporting Files";
			sourceTree = "<group>";
		};
		ACB0B6E917A6C40400611567 /* DisasterRecovery */ = {
			isa = PBXGroup;
			children = (
				ACB0B6EA17A6C42A00611567 /* Supporting Files */,
			);
			name = DisasterRecovery;
			sourceTree = "<group>";
		};
		ACB0B6EA17A6C42A00611567 /* Supporting Files */ = {
			isa = PBXGroup;
			children = (
				ACB0B6EB17A6C48200611567 /* DisasterRecovery.pdf */,
			);
			name = "Supporting Files";
			sourceTree = "<group>";
		};
		ACB0B6ED17A6C4C200611567 /* SituationManagement */ = {
			isa = PBXGroup;
			children = (
				ACB0B6EE17A6C4CC00611567 /* Supporting Files */,
			);
			name = SituationManagement;
			sourceTree = "<group>";
		};
		ACB0B6EE17A6C4CC00611567 /* Supporting Files */ = {
			isa = PBXGroup;
			children = (
				ACB0B6EF17A6C50200611567 /* Situation Management Handbook.docx */,
				ACB0B6F017A6C50200611567 /* OA-Onsite Admin-contacts.xlsx */,
				ACB0B6F117A6C50200611567 /* App Communication Plan List.xlsx */,
				ACB0B6F217A6C50200611567 /* 2nd Tier App Comm Process.docx */,
			);
			name = "Supporting Files";
			sourceTree = "<group>";
		};
		ACB4BF07179895CC00132045 /* OnCall */ = {
			isa = PBXGroup;
			children = (
				ACB7C9D11799BCB4005DF8A3 /* Supporting Files */,
				ACB4BF15179897B300132045 /* OnCallGroupViewController.h */,
				ACB4BF16179897B300132045 /* OnCallGroupViewController.m */,
				ACB4BF201798984A00132045 /* OnCallListViewController.h */,
				ACB4BF211798984A00132045 /* OnCallListViewController.m */,
				AC6FA33217A3206F002FD448 /* OnCallDatePickerViewController.h */,
				AC6FA33317A3206F002FD448 /* OnCallDatePickerViewController.m */,
				AC6FA33417A3206F002FD448 /* OnCallDatePickerViewController.xib */,
				AC9548E417A8200E0038DC8C /* OnCallSolSegmentPickerViewController.h */,
				AC9548E517A8200E0038DC8C /* OnCallSolSegmentPickerViewController.m */,
				AC9548E617A8200E0038DC8C /* OnCallSolSegmentPickerViewController.xib */,
				AC9548E917A852A40038DC8C /* OnCall.h */,
				AC9548EA17A852A40038DC8C /* OnCall.m */,
				AC9548F117A85E000038DC8C /* OnCallDetailViewController.h */,
				AC9548F217A85E000038DC8C /* OnCallDetailViewController.m */,
				AC9548F317A85E010038DC8C /* OnCallDetailViewController.xib */,
				AC94706017B0884E00414FAF /* OnCallStoryboard.storyboard */,
				ACD4530F17B08C9F00E29F8B /* OnCallStoryboardDetailViewController.h */,
				ACD4531017B08C9F00E29F8B /* OnCallStoryboardDetailViewController.m */,
			);
			name = OnCall;
			path = ..;
			sourceTree = "<group>";
		};
		ACB4BF13179896EE00132045 /* Login */ = {
			isa = PBXGroup;
			children = (
				ACDED89617AC0208000F74B7 /* Supporting Files */,
				AC2026A61795F315008036D4 /* LoginViewController.h */,
				AC2026A71795F315008036D4 /* LoginViewController.m */,
				AC2026A81795F315008036D4 /* LoginViewController.xib */,
				AC95B39B17ADD7A4005825A6 /* LoginStoryboard.storyboard */,
				AC258C8F17ADDC3100B41138 /* LoginStoryboardViewController.h */,
				AC258C9017ADDC3100B41138 /* LoginStoryboardViewController.m */,
				AC7F58A917ADE3CB00211823 /* TestViewController.h */,
				AC7F58AA17ADE3CB00211823 /* TestViewController.m */,
				AC7F58AB17ADE3CB00211823 /* TestViewController.xib */,
			);
			name = Login;
			sourceTree = "<group>";
		};
		ACB4BF141798971400132045 /* ISD Team Members */ = {
			isa = PBXGroup;
			children = (
				ACD772F417A492D2007ADC95 /* Supporting Files */,
				ACE443511790847300B78691 /* TeamJSONObjectDelegate.h */,
				ACE4434E1790834900B78691 /* TeamMember.h */,
				ACE4434F1790834900B78691 /* TeamMember.m */,
				AC95FC271796F81F00D408F1 /* TeamMemberViewController.h */,
				AC95FC281796F81F00D408F1 /* TeamMemberViewController.m */,
				AC95FC291796F81F00D408F1 /* TeamMemberViewController.xib */,
				AC3DB30917AAEB7F00758E82 /* TeamMemberDetailViewController.h */,
				AC3DB30A17AAEB7F00758E82 /* TeamMemberDetailViewController.m */,
				AC3DB30B17AAEB7F00758E82 /* TeamMemberDetailViewController.xib */,
				AC3DB30E17AAECDF00758E82 /* TeamMemberDetailStoryboard.storyboard */,
				AC3DB31617AB1EAD00758E82 /* DetailViewController.h */,
				AC3DB31717AB1EAD00758E82 /* DetailViewController.m */,
				ACD0E6E117B192C100A850AC /* DocumentLoaderViewController.h */,
				ACD0E6E217B192C100A850AC /* DocumentLoaderViewController.m */,
				ACD0E6E617B19E1600A850AC /* TeamListViewController.h */,
				ACD0E6E717B19E1600A850AC /* TeamListViewController.m */,
			);
			name = "ISD Team Members";
			sourceTree = "<group>";
		};
		ACB7C9D11799BCB4005DF8A3 /* Supporting Files */ = {
			isa = PBXGroup;
			children = (
				AC9548DD17A81C2B0038DC8C /* oncall2.json */,
				ACB7C9D21799BCCB005DF8A3 /* Hypno.png */,
				ACB7C9D31799BCCB005DF8A3 /* Hypno@2x.png */,
				ACB7C9D41799BCCB005DF8A3 /* Time.png */,
				ACB7C9D51799BCCB005DF8A3 /* Time@2x.png */,
			);
			name = "Supporting Files";
			sourceTree = "<group>";
		};
		ACBCFC8617A2EEF0000BC639 /* ASM/TSM */ = {
			isa = PBXGroup;
			children = (
				ACBCFC8D17A2EFE0000BC639 /* ASM_TSMViewController.h */,
				ACBCFC8E17A2EFE0000BC639 /* ASM_TSMViewController.m */,
				ACBCFC8F17A2EFE0000BC639 /* ASM_TSMViewController.xib */,
				ACBCFC9217A2F009000BC639 /* ASM_TSMListViewController.h */,
				ACBCFC9317A2F009000BC639 /* ASM_TSMListViewController.m */,
				ACBCFC9517A2F385000BC639 /* ASM_TSM.h */,
				ACBCFC9617A2F385000BC639 /* ASM_TSM.m */,
				ACD0E6D917B14BF800A850AC /* ASM_TSMStoryboard.storyboard */,
				ACD0E6DB17B14EF300A850AC /* ASM_TSMStoryboardDetailViewController.h */,
				ACD0E6DC17B14EF300A850AC /* ASM_TSMStoryboardDetailViewController.m */,
			);
			name = ASM/TSM;
			sourceTree = "<group>";
		};
		ACD772F417A492D2007ADC95 /* Supporting Files */ = {
			isa = PBXGroup;
			children = (
				ACD772F517A492EE007ADC95 /* members2.json */,
			);
			name = "Supporting Files";
			sourceTree = "<group>";
		};
		ACDED89617AC0208000F74B7 /* Supporting Files */ = {
			isa = PBXGroup;
			children = (
			);
			name = "Supporting Files";
			sourceTree = "<group>";
		};
		ACE4431F179079EA00B78691 = {
			isa = PBXGroup;
			children = (
				ACE4432A179079EA00B78691 /* Frameworks */,
				ACE44331179079EA00B78691 /* MHDR */,
				ACE44329179079EA00B78691 /* Products */,
			);
			sourceTree = "<group>";
		};
		ACE44329179079EA00B78691 /* Products */ = {
			isa = PBXGroup;
			children = (
				ACE44328179079EA00B78691 /* MHDR.app */,
			);
			name = Products;
			sourceTree = "<group>";
		};
		ACE4432A179079EA00B78691 /* Frameworks */ = {
			isa = PBXGroup;
			children = (
				ACE4432B179079EA00B78691 /* UIKit.framework */,
				ACE4432D179079EA00B78691 /* Foundation.framework */,
				ACE4432F179079EA00B78691 /* CoreGraphics.framework */,
			);
			name = Frameworks;
			sourceTree = "<group>";
		};
		ACE44331179079EA00B78691 /* MHDR */ = {
			isa = PBXGroup;
			children = (
				AC0575B217B044440086B899 /* Base64 */,
				ACB0B6ED17A6C4C200611567 /* SituationManagement */,
				ACB0B6E917A6C40400611567 /* DisasterRecovery */,
				ACB0B6E517A6C3BB00611567 /* ChangeManagement */,
				ACB0B6E017A6C26100611567 /* ContactList */,
				ACBCFC8617A2EEF0000BC639 /* ASM/TSM */,
				AC97828117A1C5FF00CA6E18 /* APM */,
				ACB4BF07179895CC00132045 /* OnCall */,
				ACB4BF141798971400132045 /* ISD Team Members */,
				ACB4BF13179896EE00132045 /* Login */,
				ACE4433A179079EA00B78691 /* mhAppDelegate.h */,
				ACE4433B179079EA00B78691 /* mhAppDelegate.m */,
				ACE44332179079EA00B78691 /* Supporting Files */,
				ACB4BF011798869A00132045 /* MainViewController.h */,
				ACB4BF021798869A00132045 /* MainViewController.m */,
			);
			path = MHDR;
			sourceTree = "<group>";
		};
		ACE44332179079EA00B78691 /* Supporting Files */ = {
			isa = PBXGroup;
			children = (
				ACDED89B17AC0FFC000F74B7 /* login_BKGND.png */,
				ACDED89C17AC0FFC000F74B7 /* main_BKGND.png */,
				ACE44333179079EA00B78691 /* MHDR-Info.plist */,
				ACE44334179079EA00B78691 /* InfoPlist.strings */,
				ACE44337179079EA00B78691 /* main.m */,
				ACE44339179079EA00B78691 /* MHDR-Prefix.pch */,
				ACE4433D179079EA00B78691 /* Default.png */,
				ACE4433F179079EA00B78691 /* Default@2x.png */,
				ACE44341179079EA00B78691 /* Default-568h@2x.png */,
			);
			name = "Supporting Files";
			sourceTree = "<group>";
		};
		ACF606A517A71AA10030A73D /* Supporting Files */ = {
			isa = PBXGroup;
			children = (
				ACF606A817A725AA0030A73D /* apm2.json */,
			);
			name = "Supporting Files";
			sourceTree = "<group>";
		};
/* End PBXGroup section */

/* Begin PBXNativeTarget section */
		ACE44327179079EA00B78691 /* MHDR */ = {
			isa = PBXNativeTarget;
			buildConfigurationList = ACE44345179079EA00B78691 /* Build configuration list for PBXNativeTarget "MHDR" */;
			buildPhases = (
				ACE44324179079EA00B78691 /* Sources */,
				ACE44325179079EA00B78691 /* Frameworks */,
				ACE44326179079EA00B78691 /* Resources */,
			);
			buildRules = (
			);
			dependencies = (
			);
			name = MHDR;
			productName = MHDR;
			productReference = ACE44328179079EA00B78691 /* MHDR.app */;
			productType = "com.apple.product-type.application";
		};
/* End PBXNativeTarget section */

/* Begin PBXProject section */
		ACE44320179079EA00B78691 /* Project object */ = {
			isa = PBXProject;
			attributes = {
				CLASSPREFIX = mh;
				LastUpgradeCheck = 0460;
				ORGANIZATIONNAME = "Memorial Hermann";
			};
			buildConfigurationList = ACE44323179079EA00B78691 /* Build configuration list for PBXProject "MHDR" */;
			compatibilityVersion = "Xcode 3.2";
			developmentRegion = English;
			hasScannedForEncodings = 0;
			knownRegions = (
				en,
			);
			mainGroup = ACE4431F179079EA00B78691;
			productRefGroup = ACE44329179079EA00B78691 /* Products */;
			projectDirPath = "";
			projectRoot = "";
			targets = (
				ACE44327179079EA00B78691 /* MHDR */,
			);
		};
/* End PBXProject section */

/* Begin PBXResourcesBuildPhase section */
		ACE44326179079EA00B78691 /* Resources */ = {
			isa = PBXResourcesBuildPhase;
			buildActionMask = 2147483647;
			files = (
				ACE44336179079EA00B78691 /* InfoPlist.strings in Resources */,
				ACE4433E179079EA00B78691 /* Default.png in Resources */,
				ACE44340179079EA00B78691 /* Default@2x.png in Resources */,
				ACE44342179079EA00B78691 /* Default-568h@2x.png in Resources */,
				AC2026AA1795F315008036D4 /* LoginViewController.xib in Resources */,
				AC95FC2B1796F81F00D408F1 /* TeamMemberViewController.xib in Resources */,
				ACB7C9D61799BCCB005DF8A3 /* Hypno.png in Resources */,
				ACB7C9D71799BCCB005DF8A3 /* Hypno@2x.png in Resources */,
				ACB7C9D81799BCCB005DF8A3 /* Time.png in Resources */,
				ACB7C9D91799BCCB005DF8A3 /* Time@2x.png in Resources */,
				AC97828617A1C69900CA6E18 /* APMGroupViewController.xib in Resources */,
				ACBCFC8517A2D82C000BC639 /* APMApplicationViewController.xib in Resources */,
				ACBCFC9117A2EFE0000BC639 /* ASM_TSMViewController.xib in Resources */,
				AC6FA33617A3206F002FD448 /* OnCallDatePickerViewController.xib in Resources */,
				ACD772F617A492EE007ADC95 /* members2.json in Resources */,
				ACB0B6E817A6C3F900611567 /* ScheduleEventsSummary.pdf in Resources */,
				ACB0B6EC17A6C48200611567 /* DisasterRecovery.pdf in Resources */,
				ACF606A217A70CBA0030A73D /* OPS_Guide_Update.doc in Resources */,
				ACF606A317A70D330030A73D /* VendorContact.xls in Resources */,
				ACF606A417A70D380030A73D /* MedicalPlazaNorth.xls in Resources */,
				ACF606A917A725AA0030A73D /* apm2.json in Resources */,
				AC9548DE17A81C2B0038DC8C /* oncall2.json in Resources */,
				AC9548E817A8200E0038DC8C /* OnCallSolSegmentPickerViewController.xib in Resources */,
				AC9548F517A85E010038DC8C /* OnCallDetailViewController.xib in Resources */,
				AC90E3E117A96E9F002FEAAF /* APMSegmentOwnerPickerViewController.xib in Resources */,
				AC3DB30D17AAEB7F00758E82 /* TeamMemberDetailViewController.xib in Resources */,
				AC3DB30F17AAECDF00758E82 /* TeamMemberDetailStoryboard.storyboard in Resources */,
				ACDED89D17AC0FFC000F74B7 /* login_BKGND.png in Resources */,
				ACDED89E17AC0FFC000F74B7 /* main_BKGND.png in Resources */,
				ACDED8A317AC2DA0000F74B7 /* APMPickerViewController.xib in Resources */,
				AC95B39C17ADD7A4005825A6 /* LoginStoryboard.storyboard in Resources */,
				AC7F58AD17ADE3CB00211823 /* TestViewController.xib in Resources */,
				AC9696F917B0165400356398 /* APMSelectViewController.xib in Resources */,
				AC94706117B0884E00414FAF /* OnCallStoryboard.storyboard in Resources */,
				ACD0E6DA17B14BF800A850AC /* ASM_TSMStoryboard.storyboard in Resources */,
			);
			runOnlyForDeploymentPostprocessing = 0;
		};
/* End PBXResourcesBuildPhase section */

/* Begin PBXSourcesBuildPhase section */
		ACE44324179079EA00B78691 /* Sources */ = {
			isa = PBXSourcesBuildPhase;
			buildActionMask = 2147483647;
			files = (
				ACE44338179079EA00B78691 /* main.m in Sources */,
				ACE4433C179079EA00B78691 /* mhAppDelegate.m in Sources */,
				ACE443501790834900B78691 /* TeamMember.m in Sources */,
				AC2026A91795F315008036D4 /* LoginViewController.m in Sources */,
				AC95FC2A1796F81F00D408F1 /* TeamMemberViewController.m in Sources */,
				ACB4BF031798869A00132045 /* MainViewController.m in Sources */,
				ACB4BF17179897B300132045 /* OnCallGroupViewController.m in Sources */,
				ACB4BF221798984A00132045 /* OnCallListViewController.m in Sources */,
				AC97828517A1C69900CA6E18 /* APMGroupViewController.m in Sources */,
				ACBCFC7D17A2D2A4000BC639 /* APMListViewController.m in Sources */,
				ACBCFC8017A2D7CB000BC639 /* APMApplication.m in Sources */,
				ACBCFC8417A2D82C000BC639 /* APMApplicationViewController.m in Sources */,
				ACBCFC9017A2EFE0000BC639 /* ASM_TSMViewController.m in Sources */,
				ACBCFC9417A2F009000BC639 /* ASM_TSMListViewController.m in Sources */,
				ACBCFC9717A2F385000BC639 /* ASM_TSM.m in Sources */,
				AC6FA33517A3206F002FD448 /* OnCallDatePickerViewController.m in Sources */,
				ACB0B6F517A6F4B700611567 /* ContactListViewController.m in Sources */,
				AC9548E717A8200E0038DC8C /* OnCallSolSegmentPickerViewController.m in Sources */,
				AC9548EB17A852A40038DC8C /* OnCall.m in Sources */,
				AC9548F417A85E010038DC8C /* OnCallDetailViewController.m in Sources */,
				AC90E3E017A96E9F002FEAAF /* APMSegmentOwnerPickerViewController.m in Sources */,
				AC3DB30C17AAEB7F00758E82 /* TeamMemberDetailViewController.m in Sources */,
				AC3DB31817AB1EAD00758E82 /* DetailViewController.m in Sources */,
				ACDED8A217AC2DA0000F74B7 /* APMPickerViewController.m in Sources */,
				AC258C9117ADDC3100B41138 /* LoginStoryboardViewController.m in Sources */,
				AC7F58AC17ADE3CB00211823 /* TestViewController.m in Sources */,
				AC9696F817B0165400356398 /* APMSelectViewController.m in Sources */,
				AC0575B817B044F40086B899 /* NSStringAdditions.m in Sources */,
				AC0575BB17B045B20086B899 /* NSDataAdditions.m in Sources */,
				ACD4531117B08C9F00E29F8B /* OnCallStoryboardDetailViewController.m in Sources */,
				ACD0E6DD17B14EF300A850AC /* ASM_TSMStoryboardDetailViewController.m in Sources */,
				ACD0E6E317B192C100A850AC /* DocumentLoaderViewController.m in Sources */,
				ACD0E6E817B19E1600A850AC /* TeamListViewController.m in Sources */,
			);
			runOnlyForDeploymentPostprocessing = 0;
		};
/* End PBXSourcesBuildPhase section */

/* Begin PBXVariantGroup section */
		ACE44334179079EA00B78691 /* InfoPlist.strings */ = {
			isa = PBXVariantGroup;
			children = (
				ACE44335179079EA00B78691 /* en */,
			);
			name = InfoPlist.strings;
			sourceTree = "<group>";
		};
/* End PBXVariantGroup section */

/* Begin XCBuildConfiguration section */
		ACE44343179079EA00B78691 /* Debug */ = {
			isa = XCBuildConfiguration;
			buildSettings = {
				ALWAYS_SEARCH_USER_PATHS = NO;
				CLANG_CXX_LANGUAGE_STANDARD = "gnu++0x";
				CLANG_CXX_LIBRARY = "libc++";
				CLANG_ENABLE_OBJC_ARC = YES;
				CLANG_WARN_CONSTANT_CONVERSION = YES;
				CLANG_WARN_EMPTY_BODY = YES;
				CLANG_WARN_ENUM_CONVERSION = YES;
				CLANG_WARN_INT_CONVERSION = YES;
				CLANG_WARN__DUPLICATE_METHOD_MATCH = YES;
				"CODE_SIGN_IDENTITY[sdk=iphoneos*]" = "iPhone Developer";
				COPY_PHASE_STRIP = NO;
				GCC_C_LANGUAGE_STANDARD = gnu99;
				GCC_DYNAMIC_NO_PIC = NO;
				GCC_OPTIMIZATION_LEVEL = 0;
				GCC_PREPROCESSOR_DEFINITIONS = (
					"DEBUG=1",
					"$(inherited)",
				);
				GCC_SYMBOLS_PRIVATE_EXTERN = NO;
				GCC_WARN_ABOUT_RETURN_TYPE = YES;
				GCC_WARN_UNINITIALIZED_AUTOS = YES;
				GCC_WARN_UNUSED_VARIABLE = YES;
				IPHONEOS_DEPLOYMENT_TARGET = 6.1;
				ONLY_ACTIVE_ARCH = YES;
				SDKROOT = iphoneos;
			};
			name = Debug;
		};
		ACE44344179079EA00B78691 /* Release */ = {
			isa = XCBuildConfiguration;
			buildSettings = {
				ALWAYS_SEARCH_USER_PATHS = NO;
				CLANG_CXX_LANGUAGE_STANDARD = "gnu++0x";
				CLANG_CXX_LIBRARY = "libc++";
				CLANG_ENABLE_OBJC_ARC = YES;
				CLANG_WARN_CONSTANT_CONVERSION = YES;
				CLANG_WARN_EMPTY_BODY = YES;
				CLANG_WARN_ENUM_CONVERSION = YES;
				CLANG_WARN_INT_CONVERSION = YES;
				CLANG_WARN__DUPLICATE_METHOD_MATCH = YES;
				"CODE_SIGN_IDENTITY[sdk=iphoneos*]" = "iPhone Developer";
				COPY_PHASE_STRIP = YES;
				GCC_C_LANGUAGE_STANDARD = gnu99;
				GCC_WARN_ABOUT_RETURN_TYPE = YES;
				GCC_WARN_UNINITIALIZED_AUTOS = YES;
				GCC_WARN_UNUSED_VARIABLE = YES;
				IPHONEOS_DEPLOYMENT_TARGET = 6.1;
				OTHER_CFLAGS = "-DNS_BLOCK_ASSERTIONS=1";
				SDKROOT = iphoneos;
				VALIDATE_PRODUCT = YES;
			};
			name = Release;
		};
		ACE44346179079EA00B78691 /* Debug */ = {
			isa = XCBuildConfiguration;
			buildSettings = {
				GCC_PRECOMPILE_PREFIX_HEADER = YES;
				GCC_PREFIX_HEADER = "MHDR/MHDR-Prefix.pch";
				INFOPLIST_FILE = "MHDR/MHDR-Info.plist";
				PRODUCT_NAME = "$(TARGET_NAME)";
				WRAPPER_EXTENSION = app;
			};
			name = Debug;
		};
		ACE44347179079EA00B78691 /* Release */ = {
			isa = XCBuildConfiguration;
			buildSettings = {
				GCC_PRECOMPILE_PREFIX_HEADER = YES;
				GCC_PREFIX_HEADER = "MHDR/MHDR-Prefix.pch";
				INFOPLIST_FILE = "MHDR/MHDR-Info.plist";
				PRODUCT_NAME = "$(TARGET_NAME)";
				WRAPPER_EXTENSION = app;
			};
			name = Release;
		};
/* End XCBuildConfiguration section */

/* Begin XCConfigurationList section */
		ACE44323179079EA00B78691 /* Build configuration list for PBXProject "MHDR" */ = {
			isa = XCConfigurationList;
			buildConfigurations = (
				ACE44343179079EA00B78691 /* Debug */,
				ACE44344179079EA00B78691 /* Release */,
			);
			defaultConfigurationIsVisible = 0;
			defaultConfigurationName = Release;
		};
		ACE44345179079EA00B78691 /* Build configuration list for PBXNativeTarget "MHDR" */ = {
			isa = XCConfigurationList;
			buildConfigurations = (
				ACE44346179079EA00B78691 /* Debug */,
				ACE44347179079EA00B78691 /* Release */,
			);
			defaultConfigurationIsVisible = 0;
			defaultConfigurationName = Release;
		};
/* End XCConfigurationList section */
	};
	rootObject = ACE44320179079EA00B78691 /* Project object */;
}
